// !$*UTF8*$!
{
	archiveVersion = 1;
	classes = {
	};
	objectVersion = 46;
	objects = {

/* Begin PBXBuildFile section */
		2EE6007D160AE7CC00CD86D6 /* Foundation.framework in Frameworks */ = {isa = PBXBuildFile; fileRef = 4E82772813EAF44500C64821 /* Foundation.framework */; };
		2EE60095160AE7EF00CD86D6 /* NSLDBIterator.mm in Sources */ = {isa = PBXBuildFile; fileRef = 2EE60088160AE7EF00CD86D6 /* NSLDBIterator.mm */; };
		2EE60096160AE7EF00CD86D6 /* NULDBCache.mm in Sources */ = {isa = PBXBuildFile; fileRef = 2EE60089160AE7EF00CD86D6 /* NULDBCache.mm */; };
		2EE60097160AE7EF00CD86D6 /* NULDBComparator.mm in Sources */ = {isa = PBXBuildFile; fileRef = 2EE6008A160AE7EF00CD86D6 /* NULDBComparator.mm */; };
		2EE60098160AE7EF00CD86D6 /* NULDBDB.mm in Sources */ = {isa = PBXBuildFile; fileRef = 2EE6008B160AE7EF00CD86D6 /* NULDBDB.mm */; };
		2EE60099160AE7EF00CD86D6 /* NULDBDB+BulkAccess.mm in Sources */ = {isa = PBXBuildFile; fileRef = 2EE6008C160AE7EF00CD86D6 /* NULDBDB+BulkAccess.mm */; };
		2EE6009A160AE7EF00CD86D6 /* NULDBDB+Enumeration.mm in Sources */ = {isa = PBXBuildFile; fileRef = 2EE6008D160AE7EF00CD86D6 /* NULDBDB+Enumeration.mm */; };
		2EE6009B160AE7EF00CD86D6 /* NULDBDB+Serializing.mm in Sources */ = {isa = PBXBuildFile; fileRef = 2EE6008E160AE7EF00CD86D6 /* NULDBDB+Serializing.mm */; };
		2EE6009C160AE7EF00CD86D6 /* NULDBDB+SizeEstimation.mm in Sources */ = {isa = PBXBuildFile; fileRef = 2EE6008F160AE7EF00CD86D6 /* NULDBDB+SizeEstimation.mm */; };
		2EE6009D160AE7EF00CD86D6 /* NULDBSlice.mm in Sources */ = {isa = PBXBuildFile; fileRef = 2EE60090160AE7EF00CD86D6 /* NULDBSlice.mm */; };
		2EE6009E160AE7EF00CD86D6 /* NULDBStatus.mm in Sources */ = {isa = PBXBuildFile; fileRef = 2EE60091160AE7EF00CD86D6 /* NULDBStatus.mm */; };
		2EE6009F160AE7EF00CD86D6 /* NULDBTable.mm in Sources */ = {isa = PBXBuildFile; fileRef = 2EE60092160AE7EF00CD86D6 /* NULDBTable.mm */; };
		2EE600A0160AE7EF00CD86D6 /* NULDBUtilities.mm in Sources */ = {isa = PBXBuildFile; fileRef = 2EE60093160AE7EF00CD86D6 /* NULDBUtilities.mm */; };
		2EE600A1160AE7EF00CD86D6 /* NULDBWriteBatch.mm in Sources */ = {isa = PBXBuildFile; fileRef = 2EE60094160AE7EF00CD86D6 /* NULDBWriteBatch.mm */; };
		2EE600AE160AE85100CD86D6 /* NSLDBIterator.h in Headers */ = {isa = PBXBuildFile; fileRef = 2EE600A5160AE85100CD86D6 /* NSLDBIterator.h */; settings = {ATTRIBUTES = (Public, ); }; };
		2EE600AF160AE85100CD86D6 /* NULDBCache.h in Headers */ = {isa = PBXBuildFile; fileRef = 2EE600A6160AE85100CD86D6 /* NULDBCache.h */; settings = {ATTRIBUTES = (Public, ); }; };
		2EE600B0160AE85100CD86D6 /* NULDBComparator.h in Headers */ = {isa = PBXBuildFile; fileRef = 2EE600A7160AE85100CD86D6 /* NULDBComparator.h */; settings = {ATTRIBUTES = (Public, ); }; };
		2EE600B1160AE85100CD86D6 /* NULDBDB.h in Headers */ = {isa = PBXBuildFile; fileRef = 2EE600A8160AE85100CD86D6 /* NULDBDB.h */; settings = {ATTRIBUTES = (Public, ); }; };
		2EE600B2160AE85100CD86D6 /* NULDBSerializable.h in Headers */ = {isa = PBXBuildFile; fileRef = 2EE600A9160AE85100CD86D6 /* NULDBSerializable.h */; settings = {ATTRIBUTES = (Public, ); }; };
		2EE600B3160AE85100CD86D6 /* NULDBSlice.h in Headers */ = {isa = PBXBuildFile; fileRef = 2EE600AA160AE85100CD86D6 /* NULDBSlice.h */; settings = {ATTRIBUTES = (Public, ); }; };
		2EE600B4160AE85100CD86D6 /* NULDBStatus.h in Headers */ = {isa = PBXBuildFile; fileRef = 2EE600AB160AE85100CD86D6 /* NULDBStatus.h */; settings = {ATTRIBUTES = (Public, ); }; };
		2EE600B5160AE85100CD86D6 /* NULDBTable.h in Headers */ = {isa = PBXBuildFile; fileRef = 2EE600AC160AE85100CD86D6 /* NULDBTable.h */; settings = {ATTRIBUTES = (Public, ); }; };
		2EE600B6160AE85100CD86D6 /* NULDBWriteBatch.h in Headers */ = {isa = PBXBuildFile; fileRef = 2EE600AD160AE85100CD86D6 /* NULDBWriteBatch.h */; settings = {ATTRIBUTES = (Public, ); }; };
		2EE600B8160AE87800CD86D6 /* NULDBUtilities.h in Headers */ = {isa = PBXBuildFile; fileRef = 2EE600B7160AE87800CD86D6 /* NULDBUtilities.h */; };
		2EE600DE160AEB1800CD86D6 /* libleveldb.a in Frameworks */ = {isa = PBXBuildFile; fileRef = 4E82780113EAF4A600C64821 /* libleveldb.a */; };
		4E221E7213EC8FBF00203E8D /* NULDBTestAddress.m in Sources */ = {isa = PBXBuildFile; fileRef = 4E221E6913EC8FBF00203E8D /* NULDBTestAddress.m */; };
		4E221E7313EC8FBF00203E8D /* NULDBTestCompany.m in Sources */ = {isa = PBXBuildFile; fileRef = 4E221E6B13EC8FBF00203E8D /* NULDBTestCompany.m */; };
		4E221E7413EC8FBF00203E8D /* NULDBTestModel.m in Sources */ = {isa = PBXBuildFile; fileRef = 4E221E6D13EC8FBF00203E8D /* NULDBTestModel.m */; };
		4E221E7513EC8FBF00203E8D /* NULDBTestPerson.m in Sources */ = {isa = PBXBuildFile; fileRef = 4E221E6F13EC8FBF00203E8D /* NULDBTestPerson.m */; };
		4E221E7613EC8FBF00203E8D /* NULDBTestPhone.m in Sources */ = {isa = PBXBuildFile; fileRef = 4E221E7113EC8FBF00203E8D /* NULDBTestPhone.m */; };
		4E221E9213EC907200203E8D /* _NULDBTestAddress.m in Sources */ = {isa = PBXBuildFile; fileRef = 4E221E8B13EC907200203E8D /* _NULDBTestAddress.m */; };
		4E221E9313EC907200203E8D /* _NULDBTestCompany.m in Sources */ = {isa = PBXBuildFile; fileRef = 4E221E8D13EC907200203E8D /* _NULDBTestCompany.m */; };
		4E221E9413EC907200203E8D /* _NULDBTestPerson.m in Sources */ = {isa = PBXBuildFile; fileRef = 4E221E8F13EC907200203E8D /* _NULDBTestPerson.m */; };
		4E221E9513EC907200203E8D /* _NULDBTestPhone.m in Sources */ = {isa = PBXBuildFile; fileRef = 4E221E9113EC907200203E8D /* _NULDBTestPhone.m */; };
		4E221EB013EC966400203E8D /* CoreData.framework in Frameworks */ = {isa = PBXBuildFile; fileRef = 4E221EAE13EC94E100203E8D /* CoreData.framework */; };
		4E221EDD13F2C5D100203E8D /* NULDBUtilities.mm in Sources */ = {isa = PBXBuildFile; fileRef = 4E221EDA13F2C40A00203E8D /* NULDBUtilities.mm */; };
		4E221EDF13F2D0C200203E8D /* NULDBSerializable.h in Headers */ = {isa = PBXBuildFile; fileRef = 4E221EDE13F2D07D00203E8D /* NULDBSerializable.h */; settings = {ATTRIBUTES = (Public, ); }; };
		4E221EE113F2D0D500203E8D /* NULDBUtilities.h in Headers */ = {isa = PBXBuildFile; fileRef = 4E221ED913F2C40900203E8D /* NULDBUtilities.h */; };
		4E34E7041471765D00945FDB /* NULDBWriteBatch.h in Headers */ = {isa = PBXBuildFile; fileRef = 4E34E6F814715FAB00945FDB /* NULDBWriteBatch.h */; settings = {ATTRIBUTES = (Public, ); }; };
		4E34E7051471766300945FDB /* NULDBWriteBatch.mm in Sources */ = {isa = PBXBuildFile; fileRef = 4E34E6F914715FAB00945FDB /* NULDBWriteBatch.mm */; };
		4E3CDD5613EC319F00366CD8 /* NULDBDB+Testing.m in Sources */ = {isa = PBXBuildFile; fileRef = 4E82784F13EAF85500C64821 /* NULDBDB+Testing.m */; };
		4E7D08B81464625D001F4447 /* NULDBDB+Enumeration.mm in Sources */ = {isa = PBXBuildFile; fileRef = 4E7D08B61464625D001F4447 /* NULDBDB+Enumeration.mm */; };
		4E7D08BC1464644B001F4447 /* NULDBDB+SizeEstimation.mm in Sources */ = {isa = PBXBuildFile; fileRef = 4E7D08BA1464644B001F4447 /* NULDBDB+SizeEstimation.mm */; };
		4E7D08C0146465D8001F4447 /* NULDBDB+BulkAccess.mm in Sources */ = {isa = PBXBuildFile; fileRef = 4E7D08BE146465D8001F4447 /* NULDBDB+BulkAccess.mm */; };
		4E7D08C4146466D6001F4447 /* NULDBDB+Serializing.mm in Sources */ = {isa = PBXBuildFile; fileRef = 4E7D08C2146466D6001F4447 /* NULDBDB+Serializing.mm */; };
		4E82772F13EAF44500C64821 /* InfoPlist.strings in Resources */ = {isa = PBXBuildFile; fileRef = 4E82772D13EAF44500C64821 /* InfoPlist.strings */; };
		4E82773813EAF44500C64821 /* SenTestingKit.framework in Frameworks */ = {isa = PBXBuildFile; fileRef = 4E82773713EAF44500C64821 /* SenTestingKit.framework */; };
		4E82773A13EAF44500C64821 /* UIKit.framework in Frameworks */ = {isa = PBXBuildFile; fileRef = 4E82773913EAF44500C64821 /* UIKit.framework */; };
		4E82773B13EAF44500C64821 /* Foundation.framework in Frameworks */ = {isa = PBXBuildFile; fileRef = 4E82772813EAF44500C64821 /* Foundation.framework */; };
		4E82773D13EAF44500C64821 /* CoreGraphics.framework in Frameworks */ = {isa = PBXBuildFile; fileRef = 4E82773C13EAF44500C64821 /* CoreGraphics.framework */; };
		4E82774313EAF44500C64821 /* NULevelDB.framework in Frameworks */ = {isa = PBXBuildFile; fileRef = 4E82772513EAF44500C64821 /* NULevelDB.framework */; };
		4E82774913EAF44500C64821 /* InfoPlist.strings in Resources */ = {isa = PBXBuildFile; fileRef = 4E82774713EAF44500C64821 /* InfoPlist.strings */; };
		4E82780E13EAF53E00C64821 /* builder.cc in Sources */ = {isa = PBXBuildFile; fileRef = 4E82777E13EAF49500C64821 /* builder.cc */; };
		4E82781013EAF53E00C64821 /* db_impl.cc in Sources */ = {isa = PBXBuildFile; fileRef = 4E82778213EAF49500C64821 /* db_impl.cc */; };
		4E82781113EAF53E00C64821 /* dbformat.cc in Sources */ = {isa = PBXBuildFile; fileRef = 4E82778713EAF49500C64821 /* dbformat.cc */; };
		4E82781213EAF53E00C64821 /* filename.cc in Sources */ = {isa = PBXBuildFile; fileRef = 4E82778A13EAF49500C64821 /* filename.cc */; };
		4E82781313EAF53E00C64821 /* log_reader.cc in Sources */ = {isa = PBXBuildFile; fileRef = 4E82778E13EAF49500C64821 /* log_reader.cc */; };
		4E82781413EAF53E00C64821 /* log_writer.cc in Sources */ = {isa = PBXBuildFile; fileRef = 4E82779113EAF49500C64821 /* log_writer.cc */; };
		4E82781513EAF53E00C64821 /* memtable.cc in Sources */ = {isa = PBXBuildFile; fileRef = 4E82779313EAF49500C64821 /* memtable.cc */; };
		4E82781613EAF53E00C64821 /* repair.cc in Sources */ = {isa = PBXBuildFile; fileRef = 4E82779513EAF49500C64821 /* repair.cc */; };
		4E82781713EAF53E00C64821 /* table_cache.cc in Sources */ = {isa = PBXBuildFile; fileRef = 4E82779913EAF49500C64821 /* table_cache.cc */; };
		4E82781813EAF53E00C64821 /* version_edit.cc in Sources */ = {isa = PBXBuildFile; fileRef = 4E82779B13EAF49500C64821 /* version_edit.cc */; };
		4E82781913EAF53E00C64821 /* version_set.cc in Sources */ = {isa = PBXBuildFile; fileRef = 4E82779E13EAF49500C64821 /* version_set.cc */; };
		4E82781A13EAF53E00C64821 /* write_batch.cc in Sources */ = {isa = PBXBuildFile; fileRef = 4E8277A113EAF49500C64821 /* write_batch.cc */; };
		4E82781B13EAF58B00C64821 /* arena.cc in Sources */ = {isa = PBXBuildFile; fileRef = 4E8277DF13EAF49500C64821 /* arena.cc */; };
		4E82781C13EAF58B00C64821 /* cache.cc in Sources */ = {isa = PBXBuildFile; fileRef = 4E8277E213EAF49500C64821 /* cache.cc */; };
		4E82781D13EAF58B00C64821 /* coding.cc in Sources */ = {isa = PBXBuildFile; fileRef = 4E8277E413EAF49500C64821 /* coding.cc */; };
		4E82781E13EAF58B00C64821 /* comparator.cc in Sources */ = {isa = PBXBuildFile; fileRef = 4E8277E713EAF49500C64821 /* comparator.cc */; };
		4E82781F13EAF58B00C64821 /* crc32c.cc in Sources */ = {isa = PBXBuildFile; fileRef = 4E8277E813EAF49500C64821 /* crc32c.cc */; };
		4E82782013EAF58B00C64821 /* env.cc in Sources */ = {isa = PBXBuildFile; fileRef = 4E8277EB13EAF49500C64821 /* env.cc */; };
		4E82782113EAF58B00C64821 /* env_posix.cc in Sources */ = {isa = PBXBuildFile; fileRef = 4E8277EC13EAF49500C64821 /* env_posix.cc */; };
		4E82782213EAF58B00C64821 /* hash.cc in Sources */ = {isa = PBXBuildFile; fileRef = 4E8277EE13EAF49500C64821 /* hash.cc */; };
		4E82782313EAF58B00C64821 /* histogram.cc in Sources */ = {isa = PBXBuildFile; fileRef = 4E8277F013EAF49500C64821 /* histogram.cc */; };
		4E82782413EAF58B00C64821 /* logging.cc in Sources */ = {isa = PBXBuildFile; fileRef = 4E8277F213EAF49500C64821 /* logging.cc */; };
		4E82782513EAF58B00C64821 /* options.cc in Sources */ = {isa = PBXBuildFile; fileRef = 4E8277F513EAF49500C64821 /* options.cc */; };
		4E82782613EAF58B00C64821 /* status.cc in Sources */ = {isa = PBXBuildFile; fileRef = 4E8277F813EAF49500C64821 /* status.cc */; };
		4E82782713EAF5A000C64821 /* block.cc in Sources */ = {isa = PBXBuildFile; fileRef = 4E8277CE13EAF49500C64821 /* block.cc */; };
		4E82782813EAF5A000C64821 /* block_builder.cc in Sources */ = {isa = PBXBuildFile; fileRef = 4E8277D013EAF49500C64821 /* block_builder.cc */; };
		4E82782913EAF5A000C64821 /* format.cc in Sources */ = {isa = PBXBuildFile; fileRef = 4E8277D213EAF49500C64821 /* format.cc */; };
		4E82782A13EAF5A000C64821 /* iterator.cc in Sources */ = {isa = PBXBuildFile; fileRef = 4E8277D413EAF49500C64821 /* iterator.cc */; };
		4E82782B13EAF5A000C64821 /* merger.cc in Sources */ = {isa = PBXBuildFile; fileRef = 4E8277D613EAF49500C64821 /* merger.cc */; };
		4E82782C13EAF5A000C64821 /* table.cc in Sources */ = {isa = PBXBuildFile; fileRef = 4E8277D813EAF49500C64821 /* table.cc */; };
		4E82782D13EAF5A000C64821 /* table_builder.cc in Sources */ = {isa = PBXBuildFile; fileRef = 4E8277D913EAF49500C64821 /* table_builder.cc */; };
		4E82782E13EAF5A000C64821 /* two_level_iterator.cc in Sources */ = {isa = PBXBuildFile; fileRef = 4E8277DB13EAF49500C64821 /* two_level_iterator.cc */; };
		4E82782F13EAF5AB00C64821 /* port_posix.cc in Sources */ = {isa = PBXBuildFile; fileRef = 4E8277C413EAF49500C64821 /* port_posix.cc */; };
		4E82785813EAF85500C64821 /* NSLDBIterator.h in Headers */ = {isa = PBXBuildFile; fileRef = 4E82784813EAF85500C64821 /* NSLDBIterator.h */; settings = {ATTRIBUTES = (Public, ); }; };
		4E82785913EAF85500C64821 /* NSLDBIterator.mm in Sources */ = {isa = PBXBuildFile; fileRef = 4E82784913EAF85500C64821 /* NSLDBIterator.mm */; };
		4E82785A13EAF85500C64821 /* NULDBCache.h in Headers */ = {isa = PBXBuildFile; fileRef = 4E82784A13EAF85500C64821 /* NULDBCache.h */; settings = {ATTRIBUTES = (Public, ); }; };
		4E82785B13EAF85500C64821 /* NULDBCache.mm in Sources */ = {isa = PBXBuildFile; fileRef = 4E82784B13EAF85500C64821 /* NULDBCache.mm */; };
		4E82785C13EAF85500C64821 /* NULDBComparator.h in Headers */ = {isa = PBXBuildFile; fileRef = 4E82784C13EAF85500C64821 /* NULDBComparator.h */; settings = {ATTRIBUTES = (Public, ); }; };
		4E82785D13EAF85500C64821 /* NULDBComparator.mm in Sources */ = {isa = PBXBuildFile; fileRef = 4E82784D13EAF85500C64821 /* NULDBComparator.mm */; };
		4E82785E13EAF85500C64821 /* NULDBDB+Testing.h in Headers */ = {isa = PBXBuildFile; fileRef = 4E82784E13EAF85500C64821 /* NULDBDB+Testing.h */; settings = {ATTRIBUTES = (Public, ); }; };
		4E82786013EAF85500C64821 /* NULDBDB.h in Headers */ = {isa = PBXBuildFile; fileRef = 4E82785013EAF85500C64821 /* NULDBDB.h */; settings = {ATTRIBUTES = (Public, ); }; };
		4E82786113EAF85500C64821 /* NULDBDB.mm in Sources */ = {isa = PBXBuildFile; fileRef = 4E82785113EAF85500C64821 /* NULDBDB.mm */; };
		4E82786213EAF85500C64821 /* NULDBSlice.h in Headers */ = {isa = PBXBuildFile; fileRef = 4E82785213EAF85500C64821 /* NULDBSlice.h */; settings = {ATTRIBUTES = (Public, ); }; };
		4E82786313EAF85500C64821 /* NULDBSlice.mm in Sources */ = {isa = PBXBuildFile; fileRef = 4E82785313EAF85500C64821 /* NULDBSlice.mm */; };
		4E82786413EAF85500C64821 /* NULDBStatus.h in Headers */ = {isa = PBXBuildFile; fileRef = 4E82785413EAF85500C64821 /* NULDBStatus.h */; settings = {ATTRIBUTES = (Public, ); }; };
		4E82786513EAF85500C64821 /* NULDBStatus.mm in Sources */ = {isa = PBXBuildFile; fileRef = 4E82785513EAF85500C64821 /* NULDBStatus.mm */; };
		4E82786613EAF85500C64821 /* NULDBTable.h in Headers */ = {isa = PBXBuildFile; fileRef = 4E82785613EAF85500C64821 /* NULDBTable.h */; settings = {ATTRIBUTES = (Public, ); }; };
		4E82786713EAF85500C64821 /* NULDBTable.mm in Sources */ = {isa = PBXBuildFile; fileRef = 4E82785713EAF85500C64821 /* NULDBTable.mm */; };
		4E82788313EAFE1400C64821 /* NULDBTestUtilities.m in Sources */ = {isa = PBXBuildFile; fileRef = 4E82787C13EAFE1400C64821 /* NULDBTestUtilities.m */; };
		4E82788413EAFE1400C64821 /* NULevelDB_Test.m in Sources */ = {isa = PBXBuildFile; fileRef = 4E82787E13EAFE1400C64821 /* NULevelDB_Test.m */; };
		4E82788613EAFF8900C64821 /* db_iter.cc in Sources */ = {isa = PBXBuildFile; fileRef = 4E82778413EAF49500C64821 /* db_iter.cc */; };
/* End PBXBuildFile section */

/* Begin PBXContainerItemProxy section */
		2EE600A2160AE80200CD86D6 /* PBXContainerItemProxy */ = {
			isa = PBXContainerItemProxy;
			containerPortal = 4E82771913EAF44500C64821 /* Project object */;
			proxyType = 1;
			remoteGlobalIDString = 4E82780013EAF4A600C64821;
			remoteInfo = leveldb;
		};
		4E82773E13EAF44500C64821 /* PBXContainerItemProxy */ = {
			isa = PBXContainerItemProxy;
			containerPortal = 4E82771913EAF44500C64821 /* Project object */;
			proxyType = 1;
			remoteGlobalIDString = 4E82772413EAF44500C64821;
			remoteInfo = NULevelDB;
		};
		4E82774013EAF44500C64821 /* PBXContainerItemProxy */ = {
			isa = PBXContainerItemProxy;
			containerPortal = 4E82771913EAF44500C64821 /* Project object */;
			proxyType = 1;
			remoteGlobalIDString = 4E82772413EAF44500C64821;
			remoteInfo = NULevelDB;
		};
		4E82780C13EAF4B500C64821 /* PBXContainerItemProxy */ = {
			isa = PBXContainerItemProxy;
			containerPortal = 4E82771913EAF44500C64821 /* Project object */;
			proxyType = 1;
			remoteGlobalIDString = 4E82780013EAF4A600C64821;
			remoteInfo = leveldb;
		};
/* End PBXContainerItemProxy section */

/* Begin PBXFileReference section */
		2EE6007C160AE7CC00CD86D6 /* liblibNULevelDB.a */ = {isa = PBXFileReference; explicitFileType = archive.ar; includeInIndex = 0; path = liblibNULevelDB.a; sourceTree = BUILT_PRODUCTS_DIR; };
		2EE60088160AE7EF00CD86D6 /* NSLDBIterator.mm */ = {isa = PBXFileReference; lastKnownFileType = sourcecode.cpp.objcpp; name = NSLDBIterator.mm; path = Classes/NSLDBIterator.mm; sourceTree = "<group>"; };
		2EE60089160AE7EF00CD86D6 /* NULDBCache.mm */ = {isa = PBXFileReference; lastKnownFileType = sourcecode.cpp.objcpp; name = NULDBCache.mm; path = Classes/NULDBCache.mm; sourceTree = "<group>"; };
		2EE6008A160AE7EF00CD86D6 /* NULDBComparator.mm */ = {isa = PBXFileReference; lastKnownFileType = sourcecode.cpp.objcpp; name = NULDBComparator.mm; path = Classes/NULDBComparator.mm; sourceTree = "<group>"; };
		2EE6008B160AE7EF00CD86D6 /* NULDBDB.mm */ = {isa = PBXFileReference; lastKnownFileType = sourcecode.cpp.objcpp; name = NULDBDB.mm; path = Classes/NULDBDB.mm; sourceTree = "<group>"; };
		2EE6008C160AE7EF00CD86D6 /* NULDBDB+BulkAccess.mm */ = {isa = PBXFileReference; lastKnownFileType = sourcecode.cpp.objcpp; name = "NULDBDB+BulkAccess.mm"; path = "Classes/NULDBDB+BulkAccess.mm"; sourceTree = "<group>"; };
		2EE6008D160AE7EF00CD86D6 /* NULDBDB+Enumeration.mm */ = {isa = PBXFileReference; lastKnownFileType = sourcecode.cpp.objcpp; name = "NULDBDB+Enumeration.mm"; path = "Classes/NULDBDB+Enumeration.mm"; sourceTree = "<group>"; };
		2EE6008E160AE7EF00CD86D6 /* NULDBDB+Serializing.mm */ = {isa = PBXFileReference; lastKnownFileType = sourcecode.cpp.objcpp; name = "NULDBDB+Serializing.mm"; path = "Classes/NULDBDB+Serializing.mm"; sourceTree = "<group>"; };
		2EE6008F160AE7EF00CD86D6 /* NULDBDB+SizeEstimation.mm */ = {isa = PBXFileReference; lastKnownFileType = sourcecode.cpp.objcpp; name = "NULDBDB+SizeEstimation.mm"; path = "Classes/NULDBDB+SizeEstimation.mm"; sourceTree = "<group>"; };
		2EE60090160AE7EF00CD86D6 /* NULDBSlice.mm */ = {isa = PBXFileReference; lastKnownFileType = sourcecode.cpp.objcpp; name = NULDBSlice.mm; path = Classes/NULDBSlice.mm; sourceTree = "<group>"; };
		2EE60091160AE7EF00CD86D6 /* NULDBStatus.mm */ = {isa = PBXFileReference; lastKnownFileType = sourcecode.cpp.objcpp; name = NULDBStatus.mm; path = Classes/NULDBStatus.mm; sourceTree = "<group>"; };
		2EE60092160AE7EF00CD86D6 /* NULDBTable.mm */ = {isa = PBXFileReference; lastKnownFileType = sourcecode.cpp.objcpp; name = NULDBTable.mm; path = Classes/NULDBTable.mm; sourceTree = "<group>"; };
		2EE60093160AE7EF00CD86D6 /* NULDBUtilities.mm */ = {isa = PBXFileReference; lastKnownFileType = sourcecode.cpp.objcpp; name = NULDBUtilities.mm; path = Classes/NULDBUtilities.mm; sourceTree = "<group>"; };
		2EE60094160AE7EF00CD86D6 /* NULDBWriteBatch.mm */ = {isa = PBXFileReference; lastKnownFileType = sourcecode.cpp.objcpp; name = NULDBWriteBatch.mm; path = Classes/NULDBWriteBatch.mm; sourceTree = "<group>"; };
		2EE600A5160AE85100CD86D6 /* NSLDBIterator.h */ = {isa = PBXFileReference; lastKnownFileType = sourcecode.c.h; name = NSLDBIterator.h; path = Classes/NSLDBIterator.h; sourceTree = "<group>"; };
		2EE600A6160AE85100CD86D6 /* NULDBCache.h */ = {isa = PBXFileReference; lastKnownFileType = sourcecode.c.h; name = NULDBCache.h; path = Classes/NULDBCache.h; sourceTree = "<group>"; };
		2EE600A7160AE85100CD86D6 /* NULDBComparator.h */ = {isa = PBXFileReference; lastKnownFileType = sourcecode.c.h; name = NULDBComparator.h; path = Classes/NULDBComparator.h; sourceTree = "<group>"; };
		2EE600A8160AE85100CD86D6 /* NULDBDB.h */ = {isa = PBXFileReference; lastKnownFileType = sourcecode.c.h; name = NULDBDB.h; path = Classes/NULDBDB.h; sourceTree = "<group>"; };
		2EE600A9160AE85100CD86D6 /* NULDBSerializable.h */ = {isa = PBXFileReference; lastKnownFileType = sourcecode.c.h; name = NULDBSerializable.h; path = Classes/NULDBSerializable.h; sourceTree = "<group>"; };
		2EE600AA160AE85100CD86D6 /* NULDBSlice.h */ = {isa = PBXFileReference; lastKnownFileType = sourcecode.c.h; name = NULDBSlice.h; path = Classes/NULDBSlice.h; sourceTree = "<group>"; };
		2EE600AB160AE85100CD86D6 /* NULDBStatus.h */ = {isa = PBXFileReference; lastKnownFileType = sourcecode.c.h; name = NULDBStatus.h; path = Classes/NULDBStatus.h; sourceTree = "<group>"; };
		2EE600AC160AE85100CD86D6 /* NULDBTable.h */ = {isa = PBXFileReference; lastKnownFileType = sourcecode.c.h; name = NULDBTable.h; path = Classes/NULDBTable.h; sourceTree = "<group>"; };
		2EE600AD160AE85100CD86D6 /* NULDBWriteBatch.h */ = {isa = PBXFileReference; lastKnownFileType = sourcecode.c.h; name = NULDBWriteBatch.h; path = Classes/NULDBWriteBatch.h; sourceTree = "<group>"; };
		2EE600B7160AE87800CD86D6 /* NULDBUtilities.h */ = {isa = PBXFileReference; lastKnownFileType = sourcecode.c.h; name = NULDBUtilities.h; path = Classes/NULDBUtilities.h; sourceTree = "<group>"; };
		4E221E6813EC8FBF00203E8D /* NULDBTestAddress.h */ = {isa = PBXFileReference; fileEncoding = 4; lastKnownFileType = sourcecode.c.h; path = NULDBTestAddress.h; sourceTree = "<group>"; };
		4E221E6913EC8FBF00203E8D /* NULDBTestAddress.m */ = {isa = PBXFileReference; fileEncoding = 4; lastKnownFileType = sourcecode.c.objc; path = NULDBTestAddress.m; sourceTree = "<group>"; };
		4E221E6A13EC8FBF00203E8D /* NULDBTestCompany.h */ = {isa = PBXFileReference; fileEncoding = 4; lastKnownFileType = sourcecode.c.h; path = NULDBTestCompany.h; sourceTree = "<group>"; };
		4E221E6B13EC8FBF00203E8D /* NULDBTestCompany.m */ = {isa = PBXFileReference; fileEncoding = 4; lastKnownFileType = sourcecode.c.objc; path = NULDBTestCompany.m; sourceTree = "<group>"; };
		4E221E6C13EC8FBF00203E8D /* NULDBTestModel.h */ = {isa = PBXFileReference; fileEncoding = 4; lastKnownFileType = sourcecode.c.h; path = NULDBTestModel.h; sourceTree = "<group>"; };
		4E221E6D13EC8FBF00203E8D /* NULDBTestModel.m */ = {isa = PBXFileReference; fileEncoding = 4; lastKnownFileType = sourcecode.c.objc; path = NULDBTestModel.m; sourceTree = "<group>"; };
		4E221E6E13EC8FBF00203E8D /* NULDBTestPerson.h */ = {isa = PBXFileReference; fileEncoding = 4; lastKnownFileType = sourcecode.c.h; path = NULDBTestPerson.h; sourceTree = "<group>"; };
		4E221E6F13EC8FBF00203E8D /* NULDBTestPerson.m */ = {isa = PBXFileReference; fileEncoding = 4; lastKnownFileType = sourcecode.c.objc; path = NULDBTestPerson.m; sourceTree = "<group>"; };
		4E221E7013EC8FBF00203E8D /* NULDBTestPhone.h */ = {isa = PBXFileReference; fileEncoding = 4; lastKnownFileType = sourcecode.c.h; path = NULDBTestPhone.h; sourceTree = "<group>"; };
		4E221E7113EC8FBF00203E8D /* NULDBTestPhone.m */ = {isa = PBXFileReference; fileEncoding = 4; lastKnownFileType = sourcecode.c.objc; path = NULDBTestPhone.m; sourceTree = "<group>"; };
		4E221E8A13EC907100203E8D /* _NULDBTestAddress.h */ = {isa = PBXFileReference; fileEncoding = 4; lastKnownFileType = sourcecode.c.h; path = _NULDBTestAddress.h; sourceTree = "<group>"; };
		4E221E8B13EC907200203E8D /* _NULDBTestAddress.m */ = {isa = PBXFileReference; fileEncoding = 4; lastKnownFileType = sourcecode.c.objc; path = _NULDBTestAddress.m; sourceTree = "<group>"; };
		4E221E8C13EC907200203E8D /* _NULDBTestCompany.h */ = {isa = PBXFileReference; fileEncoding = 4; lastKnownFileType = sourcecode.c.h; path = _NULDBTestCompany.h; sourceTree = "<group>"; };
		4E221E8D13EC907200203E8D /* _NULDBTestCompany.m */ = {isa = PBXFileReference; fileEncoding = 4; lastKnownFileType = sourcecode.c.objc; path = _NULDBTestCompany.m; sourceTree = "<group>"; };
		4E221E8E13EC907200203E8D /* _NULDBTestPerson.h */ = {isa = PBXFileReference; fileEncoding = 4; lastKnownFileType = sourcecode.c.h; path = _NULDBTestPerson.h; sourceTree = "<group>"; };
		4E221E8F13EC907200203E8D /* _NULDBTestPerson.m */ = {isa = PBXFileReference; fileEncoding = 4; lastKnownFileType = sourcecode.c.objc; path = _NULDBTestPerson.m; sourceTree = "<group>"; };
		4E221E9013EC907200203E8D /* _NULDBTestPhone.h */ = {isa = PBXFileReference; fileEncoding = 4; lastKnownFileType = sourcecode.c.h; path = _NULDBTestPhone.h; sourceTree = "<group>"; };
		4E221E9113EC907200203E8D /* _NULDBTestPhone.m */ = {isa = PBXFileReference; fileEncoding = 4; lastKnownFileType = sourcecode.c.objc; path = _NULDBTestPhone.m; sourceTree = "<group>"; };
		4E221EAE13EC94E100203E8D /* CoreData.framework */ = {isa = PBXFileReference; lastKnownFileType = wrapper.framework; name = CoreData.framework; path = System/Library/Frameworks/CoreData.framework; sourceTree = SDKROOT; };
		4E221ED513F07B2700203E8D /* README.md */ = {isa = PBXFileReference; lastKnownFileType = text; path = README.md; sourceTree = "<group>"; };
		4E221ED913F2C40900203E8D /* NULDBUtilities.h */ = {isa = PBXFileReference; fileEncoding = 4; lastKnownFileType = sourcecode.c.h; path = NULDBUtilities.h; sourceTree = "<group>"; };
		4E221EDA13F2C40A00203E8D /* NULDBUtilities.mm */ = {isa = PBXFileReference; fileEncoding = 4; lastKnownFileType = sourcecode.cpp.objcpp; path = NULDBUtilities.mm; sourceTree = "<group>"; };
		4E221EDE13F2D07D00203E8D /* NULDBSerializable.h */ = {isa = PBXFileReference; fileEncoding = 4; lastKnownFileType = sourcecode.c.h; path = NULDBSerializable.h; sourceTree = "<group>"; };
		4E34E6F814715FAB00945FDB /* NULDBWriteBatch.h */ = {isa = PBXFileReference; fileEncoding = 4; lastKnownFileType = sourcecode.c.h; path = NULDBWriteBatch.h; sourceTree = "<group>"; };
		4E34E6F914715FAB00945FDB /* NULDBWriteBatch.mm */ = {isa = PBXFileReference; fileEncoding = 4; lastKnownFileType = sourcecode.cpp.objcpp; path = NULDBWriteBatch.mm; sourceTree = "<group>"; };
		4E34E6FD1471737900945FDB /* Serialization Issues */ = {isa = PBXFileReference; lastKnownFileType = text; path = "Serialization Issues"; sourceTree = "<group>"; };
		4E7D08B314646094001F4447 /* NULDBDB_private.h */ = {isa = PBXFileReference; lastKnownFileType = sourcecode.c.h; path = NULDBDB_private.h; sourceTree = "<group>"; };
		4E7D08B61464625D001F4447 /* NULDBDB+Enumeration.mm */ = {isa = PBXFileReference; fileEncoding = 4; lastKnownFileType = sourcecode.cpp.objcpp; path = "NULDBDB+Enumeration.mm"; sourceTree = "<group>"; };
		4E7D08BA1464644B001F4447 /* NULDBDB+SizeEstimation.mm */ = {isa = PBXFileReference; fileEncoding = 4; lastKnownFileType = sourcecode.cpp.objcpp; path = "NULDBDB+SizeEstimation.mm"; sourceTree = "<group>"; };
		4E7D08BE146465D8001F4447 /* NULDBDB+BulkAccess.mm */ = {isa = PBXFileReference; fileEncoding = 4; lastKnownFileType = sourcecode.cpp.objcpp; path = "NULDBDB+BulkAccess.mm"; sourceTree = "<group>"; };
		4E7D08C2146466D6001F4447 /* NULDBDB+Serializing.mm */ = {isa = PBXFileReference; fileEncoding = 4; lastKnownFileType = sourcecode.cpp.objcpp; path = "NULDBDB+Serializing.mm"; sourceTree = "<group>"; };
		4E82772513EAF44500C64821 /* NULevelDB.framework */ = {isa = PBXFileReference; explicitFileType = wrapper.framework.static; includeInIndex = 0; path = NULevelDB.framework; sourceTree = BUILT_PRODUCTS_DIR; };
		4E82772813EAF44500C64821 /* Foundation.framework */ = {isa = PBXFileReference; lastKnownFileType = wrapper.framework; name = Foundation.framework; path = System/Library/Frameworks/Foundation.framework; sourceTree = SDKROOT; };
		4E82772C13EAF44500C64821 /* NULevelDB-Info.plist */ = {isa = PBXFileReference; lastKnownFileType = text.plist.xml; path = "NULevelDB-Info.plist"; sourceTree = "<group>"; };
		4E82772E13EAF44500C64821 /* en */ = {isa = PBXFileReference; lastKnownFileType = text.plist.strings; name = en; path = en.lproj/InfoPlist.strings; sourceTree = "<group>"; };
		4E82773013EAF44500C64821 /* NULevelDB-Prefix.pch */ = {isa = PBXFileReference; lastKnownFileType = sourcecode.c.h; path = "NULevelDB-Prefix.pch"; sourceTree = "<group>"; };
		4E82773613EAF44500C64821 /* NULevelDBTests.octest */ = {isa = PBXFileReference; explicitFileType = wrapper.cfbundle; includeInIndex = 0; path = NULevelDBTests.octest; sourceTree = BUILT_PRODUCTS_DIR; };
		4E82773713EAF44500C64821 /* SenTestingKit.framework */ = {isa = PBXFileReference; lastKnownFileType = wrapper.framework; name = SenTestingKit.framework; path = Library/Frameworks/SenTestingKit.framework; sourceTree = DEVELOPER_DIR; };
		4E82773913EAF44500C64821 /* UIKit.framework */ = {isa = PBXFileReference; lastKnownFileType = wrapper.framework; name = UIKit.framework; path = System/Library/Frameworks/UIKit.framework; sourceTree = SDKROOT; };
		4E82773C13EAF44500C64821 /* CoreGraphics.framework */ = {isa = PBXFileReference; lastKnownFileType = wrapper.framework; name = CoreGraphics.framework; path = System/Library/Frameworks/CoreGraphics.framework; sourceTree = SDKROOT; };
		4E82774613EAF44500C64821 /* NULevelDBTests-Info.plist */ = {isa = PBXFileReference; lastKnownFileType = text.plist.xml; path = "NULevelDBTests-Info.plist"; sourceTree = "<group>"; };
		4E82774813EAF44500C64821 /* en */ = {isa = PBXFileReference; lastKnownFileType = text.plist.strings; name = en; path = en.lproj/InfoPlist.strings; sourceTree = "<group>"; };
		4E82777E13EAF49500C64821 /* builder.cc */ = {isa = PBXFileReference; lastKnownFileType = sourcecode.cpp.cpp; path = builder.cc; sourceTree = "<group>"; };
		4E82777F13EAF49500C64821 /* builder.h */ = {isa = PBXFileReference; lastKnownFileType = sourcecode.c.h; path = builder.h; sourceTree = "<group>"; };
		4E82778013EAF49500C64821 /* corruption_test.cc */ = {isa = PBXFileReference; lastKnownFileType = sourcecode.cpp.cpp; path = corruption_test.cc; sourceTree = "<group>"; };
		4E82778113EAF49500C64821 /* db_bench.cc */ = {isa = PBXFileReference; lastKnownFileType = sourcecode.cpp.cpp; path = db_bench.cc; sourceTree = "<group>"; };
		4E82778213EAF49500C64821 /* db_impl.cc */ = {isa = PBXFileReference; lastKnownFileType = sourcecode.cpp.cpp; path = db_impl.cc; sourceTree = "<group>"; };
		4E82778313EAF49500C64821 /* db_impl.h */ = {isa = PBXFileReference; lastKnownFileType = sourcecode.c.h; path = db_impl.h; sourceTree = "<group>"; };
		4E82778413EAF49500C64821 /* db_iter.cc */ = {isa = PBXFileReference; lastKnownFileType = sourcecode.cpp.cpp; path = db_iter.cc; sourceTree = "<group>"; };
		4E82778513EAF49500C64821 /* db_iter.h */ = {isa = PBXFileReference; lastKnownFileType = sourcecode.c.h; path = db_iter.h; sourceTree = "<group>"; };
		4E82778613EAF49500C64821 /* db_test.cc */ = {isa = PBXFileReference; lastKnownFileType = sourcecode.cpp.cpp; path = db_test.cc; sourceTree = "<group>"; };
		4E82778713EAF49500C64821 /* dbformat.cc */ = {isa = PBXFileReference; lastKnownFileType = sourcecode.cpp.cpp; path = dbformat.cc; sourceTree = "<group>"; };
		4E82778813EAF49500C64821 /* dbformat.h */ = {isa = PBXFileReference; lastKnownFileType = sourcecode.c.h; path = dbformat.h; sourceTree = "<group>"; };
		4E82778913EAF49500C64821 /* dbformat_test.cc */ = {isa = PBXFileReference; lastKnownFileType = sourcecode.cpp.cpp; path = dbformat_test.cc; sourceTree = "<group>"; };
		4E82778A13EAF49500C64821 /* filename.cc */ = {isa = PBXFileReference; lastKnownFileType = sourcecode.cpp.cpp; path = filename.cc; sourceTree = "<group>"; };
		4E82778B13EAF49500C64821 /* filename.h */ = {isa = PBXFileReference; lastKnownFileType = sourcecode.c.h; path = filename.h; sourceTree = "<group>"; };
		4E82778C13EAF49500C64821 /* filename_test.cc */ = {isa = PBXFileReference; lastKnownFileType = sourcecode.cpp.cpp; path = filename_test.cc; sourceTree = "<group>"; };
		4E82778D13EAF49500C64821 /* log_format.h */ = {isa = PBXFileReference; lastKnownFileType = sourcecode.c.h; path = log_format.h; sourceTree = "<group>"; };
		4E82778E13EAF49500C64821 /* log_reader.cc */ = {isa = PBXFileReference; lastKnownFileType = sourcecode.cpp.cpp; path = log_reader.cc; sourceTree = "<group>"; };
		4E82778F13EAF49500C64821 /* log_reader.h */ = {isa = PBXFileReference; lastKnownFileType = sourcecode.c.h; path = log_reader.h; sourceTree = "<group>"; };
		4E82779013EAF49500C64821 /* log_test.cc */ = {isa = PBXFileReference; lastKnownFileType = sourcecode.cpp.cpp; path = log_test.cc; sourceTree = "<group>"; };
		4E82779113EAF49500C64821 /* log_writer.cc */ = {isa = PBXFileReference; lastKnownFileType = sourcecode.cpp.cpp; path = log_writer.cc; sourceTree = "<group>"; };
		4E82779213EAF49500C64821 /* log_writer.h */ = {isa = PBXFileReference; lastKnownFileType = sourcecode.c.h; path = log_writer.h; sourceTree = "<group>"; };
		4E82779313EAF49500C64821 /* memtable.cc */ = {isa = PBXFileReference; lastKnownFileType = sourcecode.cpp.cpp; path = memtable.cc; sourceTree = "<group>"; };
		4E82779413EAF49500C64821 /* memtable.h */ = {isa = PBXFileReference; lastKnownFileType = sourcecode.c.h; path = memtable.h; sourceTree = "<group>"; };
		4E82779513EAF49500C64821 /* repair.cc */ = {isa = PBXFileReference; lastKnownFileType = sourcecode.cpp.cpp; path = repair.cc; sourceTree = "<group>"; };
		4E82779613EAF49500C64821 /* skiplist.h */ = {isa = PBXFileReference; lastKnownFileType = sourcecode.c.h; path = skiplist.h; sourceTree = "<group>"; };
		4E82779713EAF49500C64821 /* skiplist_test.cc */ = {isa = PBXFileReference; lastKnownFileType = sourcecode.cpp.cpp; path = skiplist_test.cc; sourceTree = "<group>"; };
		4E82779813EAF49500C64821 /* snapshot.h */ = {isa = PBXFileReference; lastKnownFileType = sourcecode.c.h; path = snapshot.h; sourceTree = "<group>"; };
		4E82779913EAF49500C64821 /* table_cache.cc */ = {isa = PBXFileReference; lastKnownFileType = sourcecode.cpp.cpp; path = table_cache.cc; sourceTree = "<group>"; };
		4E82779A13EAF49500C64821 /* table_cache.h */ = {isa = PBXFileReference; lastKnownFileType = sourcecode.c.h; path = table_cache.h; sourceTree = "<group>"; };
		4E82779B13EAF49500C64821 /* version_edit.cc */ = {isa = PBXFileReference; lastKnownFileType = sourcecode.cpp.cpp; path = version_edit.cc; sourceTree = "<group>"; };
		4E82779C13EAF49500C64821 /* version_edit.h */ = {isa = PBXFileReference; lastKnownFileType = sourcecode.c.h; path = version_edit.h; sourceTree = "<group>"; };
		4E82779D13EAF49500C64821 /* version_edit_test.cc */ = {isa = PBXFileReference; lastKnownFileType = sourcecode.cpp.cpp; path = version_edit_test.cc; sourceTree = "<group>"; };
		4E82779E13EAF49500C64821 /* version_set.cc */ = {isa = PBXFileReference; lastKnownFileType = sourcecode.cpp.cpp; path = version_set.cc; sourceTree = "<group>"; };
		4E82779F13EAF49500C64821 /* version_set.h */ = {isa = PBXFileReference; lastKnownFileType = sourcecode.c.h; path = version_set.h; sourceTree = "<group>"; };
		4E8277A013EAF49500C64821 /* version_set_test.cc */ = {isa = PBXFileReference; lastKnownFileType = sourcecode.cpp.cpp; path = version_set_test.cc; sourceTree = "<group>"; };
		4E8277A113EAF49500C64821 /* write_batch.cc */ = {isa = PBXFileReference; lastKnownFileType = sourcecode.cpp.cpp; path = write_batch.cc; sourceTree = "<group>"; };
		4E8277A213EAF49500C64821 /* write_batch_internal.h */ = {isa = PBXFileReference; lastKnownFileType = sourcecode.c.h; path = write_batch_internal.h; sourceTree = "<group>"; };
		4E8277A313EAF49500C64821 /* write_batch_test.cc */ = {isa = PBXFileReference; lastKnownFileType = sourcecode.cpp.cpp; path = write_batch_test.cc; sourceTree = "<group>"; };
		4E8277B013EAF49500C64821 /* cache.h */ = {isa = PBXFileReference; lastKnownFileType = sourcecode.c.h; path = cache.h; sourceTree = "<group>"; };
		4E8277B113EAF49500C64821 /* comparator.h */ = {isa = PBXFileReference; lastKnownFileType = sourcecode.c.h; path = comparator.h; sourceTree = "<group>"; };
		4E8277B213EAF49500C64821 /* db.h */ = {isa = PBXFileReference; lastKnownFileType = sourcecode.c.h; path = db.h; sourceTree = "<group>"; };
		4E8277B313EAF49500C64821 /* env.h */ = {isa = PBXFileReference; lastKnownFileType = sourcecode.c.h; path = env.h; sourceTree = "<group>"; };
		4E8277B413EAF49500C64821 /* iterator.h */ = {isa = PBXFileReference; lastKnownFileType = sourcecode.c.h; path = iterator.h; sourceTree = "<group>"; };
		4E8277B513EAF49500C64821 /* options.h */ = {isa = PBXFileReference; lastKnownFileType = sourcecode.c.h; path = options.h; sourceTree = "<group>"; };
		4E8277B613EAF49500C64821 /* slice.h */ = {isa = PBXFileReference; lastKnownFileType = sourcecode.c.h; path = slice.h; sourceTree = "<group>"; };
		4E8277B713EAF49500C64821 /* status.h */ = {isa = PBXFileReference; lastKnownFileType = sourcecode.c.h; path = status.h; sourceTree = "<group>"; };
		4E8277B813EAF49500C64821 /* table.h */ = {isa = PBXFileReference; lastKnownFileType = sourcecode.c.h; path = table.h; sourceTree = "<group>"; };
		4E8277B913EAF49500C64821 /* table_builder.h */ = {isa = PBXFileReference; lastKnownFileType = sourcecode.c.h; path = table_builder.h; sourceTree = "<group>"; };
		4E8277BA13EAF49500C64821 /* write_batch.h */ = {isa = PBXFileReference; lastKnownFileType = sourcecode.c.h; path = write_batch.h; sourceTree = "<group>"; };
		4E8277BB13EAF49500C64821 /* LICENSE */ = {isa = PBXFileReference; lastKnownFileType = text; path = LICENSE; sourceTree = "<group>"; };
		4E8277BC13EAF49500C64821 /* Makefile */ = {isa = PBXFileReference; lastKnownFileType = sourcecode.make; path = Makefile; sourceTree = "<group>"; };
		4E8277BF13EAF49500C64821 /* atomic_pointer.h */ = {isa = PBXFileReference; lastKnownFileType = sourcecode.c.h; path = atomic_pointer.h; sourceTree = "<group>"; };
		4E8277C013EAF49500C64821 /* port.h */ = {isa = PBXFileReference; lastKnownFileType = sourcecode.c.h; path = port.h; sourceTree = "<group>"; };
		4E8277C113EAF49500C64821 /* port_android.cc */ = {isa = PBXFileReference; lastKnownFileType = sourcecode.cpp.cpp; path = port_android.cc; sourceTree = "<group>"; };
		4E8277C213EAF49500C64821 /* port_android.h */ = {isa = PBXFileReference; lastKnownFileType = sourcecode.c.h; path = port_android.h; sourceTree = "<group>"; };
		4E8277C313EAF49500C64821 /* port_example.h */ = {isa = PBXFileReference; lastKnownFileType = sourcecode.c.h; path = port_example.h; sourceTree = "<group>"; };
		4E8277C413EAF49500C64821 /* port_posix.cc */ = {isa = PBXFileReference; lastKnownFileType = sourcecode.cpp.cpp; path = port_posix.cc; sourceTree = "<group>"; };
		4E8277C513EAF49500C64821 /* port_posix.h */ = {isa = PBXFileReference; lastKnownFileType = sourcecode.c.h; path = port_posix.h; sourceTree = "<group>"; };
		4E8277C613EAF49500C64821 /* README */ = {isa = PBXFileReference; lastKnownFileType = text; path = README; sourceTree = "<group>"; };
		4E8277C713EAF49500C64821 /* sha1_portable.cc */ = {isa = PBXFileReference; lastKnownFileType = sourcecode.cpp.cpp; path = sha1_portable.cc; sourceTree = "<group>"; };
		4E8277C813EAF49500C64821 /* sha1_portable.h */ = {isa = PBXFileReference; lastKnownFileType = sourcecode.c.h; path = sha1_portable.h; sourceTree = "<group>"; };
		4E8277C913EAF49500C64821 /* sha1_test.cc */ = {isa = PBXFileReference; lastKnownFileType = sourcecode.cpp.cpp; path = sha1_test.cc; sourceTree = "<group>"; };
		4E8277CC13EAF49500C64821 /* README */ = {isa = PBXFileReference; lastKnownFileType = text; path = README; sourceTree = "<group>"; };
		4E8277CE13EAF49500C64821 /* block.cc */ = {isa = PBXFileReference; lastKnownFileType = sourcecode.cpp.cpp; path = block.cc; sourceTree = "<group>"; };
		4E8277CF13EAF49500C64821 /* block.h */ = {isa = PBXFileReference; lastKnownFileType = sourcecode.c.h; path = block.h; sourceTree = "<group>"; };
		4E8277D013EAF49500C64821 /* block_builder.cc */ = {isa = PBXFileReference; lastKnownFileType = sourcecode.cpp.cpp; path = block_builder.cc; sourceTree = "<group>"; };
		4E8277D113EAF49500C64821 /* block_builder.h */ = {isa = PBXFileReference; lastKnownFileType = sourcecode.c.h; path = block_builder.h; sourceTree = "<group>"; };
		4E8277D213EAF49500C64821 /* format.cc */ = {isa = PBXFileReference; lastKnownFileType = sourcecode.cpp.cpp; path = format.cc; sourceTree = "<group>"; };
		4E8277D313EAF49500C64821 /* format.h */ = {isa = PBXFileReference; lastKnownFileType = sourcecode.c.h; path = format.h; sourceTree = "<group>"; };
		4E8277D413EAF49500C64821 /* iterator.cc */ = {isa = PBXFileReference; lastKnownFileType = sourcecode.cpp.cpp; path = iterator.cc; sourceTree = "<group>"; };
		4E8277D513EAF49500C64821 /* iterator_wrapper.h */ = {isa = PBXFileReference; lastKnownFileType = sourcecode.c.h; path = iterator_wrapper.h; sourceTree = "<group>"; };
		4E8277D613EAF49500C64821 /* merger.cc */ = {isa = PBXFileReference; lastKnownFileType = sourcecode.cpp.cpp; path = merger.cc; sourceTree = "<group>"; };
		4E8277D713EAF49500C64821 /* merger.h */ = {isa = PBXFileReference; lastKnownFileType = sourcecode.c.h; path = merger.h; sourceTree = "<group>"; };
		4E8277D813EAF49500C64821 /* table.cc */ = {isa = PBXFileReference; lastKnownFileType = sourcecode.cpp.cpp; path = table.cc; sourceTree = "<group>"; };
		4E8277D913EAF49500C64821 /* table_builder.cc */ = {isa = PBXFileReference; lastKnownFileType = sourcecode.cpp.cpp; path = table_builder.cc; sourceTree = "<group>"; };
		4E8277DA13EAF49500C64821 /* table_test.cc */ = {isa = PBXFileReference; lastKnownFileType = sourcecode.cpp.cpp; path = table_test.cc; sourceTree = "<group>"; };
		4E8277DB13EAF49500C64821 /* two_level_iterator.cc */ = {isa = PBXFileReference; lastKnownFileType = sourcecode.cpp.cpp; path = two_level_iterator.cc; sourceTree = "<group>"; };
		4E8277DC13EAF49500C64821 /* two_level_iterator.h */ = {isa = PBXFileReference; lastKnownFileType = sourcecode.c.h; path = two_level_iterator.h; sourceTree = "<group>"; };
		4E8277DF13EAF49500C64821 /* arena.cc */ = {isa = PBXFileReference; lastKnownFileType = sourcecode.cpp.cpp; path = arena.cc; sourceTree = "<group>"; };
		4E8277E013EAF49500C64821 /* arena.h */ = {isa = PBXFileReference; lastKnownFileType = sourcecode.c.h; path = arena.h; sourceTree = "<group>"; };
		4E8277E113EAF49500C64821 /* arena_test.cc */ = {isa = PBXFileReference; lastKnownFileType = sourcecode.cpp.cpp; path = arena_test.cc; sourceTree = "<group>"; };
		4E8277E213EAF49500C64821 /* cache.cc */ = {isa = PBXFileReference; lastKnownFileType = sourcecode.cpp.cpp; path = cache.cc; sourceTree = "<group>"; };
		4E8277E313EAF49500C64821 /* cache_test.cc */ = {isa = PBXFileReference; lastKnownFileType = sourcecode.cpp.cpp; path = cache_test.cc; sourceTree = "<group>"; };
		4E8277E413EAF49500C64821 /* coding.cc */ = {isa = PBXFileReference; lastKnownFileType = sourcecode.cpp.cpp; path = coding.cc; sourceTree = "<group>"; };
		4E8277E513EAF49500C64821 /* coding.h */ = {isa = PBXFileReference; lastKnownFileType = sourcecode.c.h; path = coding.h; sourceTree = "<group>"; };
		4E8277E613EAF49500C64821 /* coding_test.cc */ = {isa = PBXFileReference; lastKnownFileType = sourcecode.cpp.cpp; path = coding_test.cc; sourceTree = "<group>"; };
		4E8277E713EAF49500C64821 /* comparator.cc */ = {isa = PBXFileReference; lastKnownFileType = sourcecode.cpp.cpp; path = comparator.cc; sourceTree = "<group>"; };
		4E8277E813EAF49500C64821 /* crc32c.cc */ = {isa = PBXFileReference; lastKnownFileType = sourcecode.cpp.cpp; path = crc32c.cc; sourceTree = "<group>"; };
		4E8277E913EAF49500C64821 /* crc32c.h */ = {isa = PBXFileReference; lastKnownFileType = sourcecode.c.h; path = crc32c.h; sourceTree = "<group>"; };
		4E8277EA13EAF49500C64821 /* crc32c_test.cc */ = {isa = PBXFileReference; lastKnownFileType = sourcecode.cpp.cpp; path = crc32c_test.cc; sourceTree = "<group>"; };
		4E8277EB13EAF49500C64821 /* env.cc */ = {isa = PBXFileReference; lastKnownFileType = sourcecode.cpp.cpp; path = env.cc; sourceTree = "<group>"; };
		4E8277EC13EAF49500C64821 /* env_posix.cc */ = {isa = PBXFileReference; lastKnownFileType = sourcecode.cpp.cpp; path = env_posix.cc; sourceTree = "<group>"; };
		4E8277ED13EAF49500C64821 /* env_test.cc */ = {isa = PBXFileReference; lastKnownFileType = sourcecode.cpp.cpp; path = env_test.cc; sourceTree = "<group>"; };
		4E8277EE13EAF49500C64821 /* hash.cc */ = {isa = PBXFileReference; lastKnownFileType = sourcecode.cpp.cpp; path = hash.cc; sourceTree = "<group>"; };
		4E8277EF13EAF49500C64821 /* hash.h */ = {isa = PBXFileReference; lastKnownFileType = sourcecode.c.h; path = hash.h; sourceTree = "<group>"; };
		4E8277F013EAF49500C64821 /* histogram.cc */ = {isa = PBXFileReference; lastKnownFileType = sourcecode.cpp.cpp; path = histogram.cc; sourceTree = "<group>"; };
		4E8277F113EAF49500C64821 /* histogram.h */ = {isa = PBXFileReference; lastKnownFileType = sourcecode.c.h; path = histogram.h; sourceTree = "<group>"; };
		4E8277F213EAF49500C64821 /* logging.cc */ = {isa = PBXFileReference; lastKnownFileType = sourcecode.cpp.cpp; path = logging.cc; sourceTree = "<group>"; };
		4E8277F313EAF49500C64821 /* logging.h */ = {isa = PBXFileReference; lastKnownFileType = sourcecode.c.h; path = logging.h; sourceTree = "<group>"; };
		4E8277F413EAF49500C64821 /* mutexlock.h */ = {isa = PBXFileReference; lastKnownFileType = sourcecode.c.h; path = mutexlock.h; sourceTree = "<group>"; };
		4E8277F513EAF49500C64821 /* options.cc */ = {isa = PBXFileReference; lastKnownFileType = sourcecode.cpp.cpp; path = options.cc; sourceTree = "<group>"; };
		4E8277F613EAF49500C64821 /* posix_logger.h */ = {isa = PBXFileReference; lastKnownFileType = sourcecode.c.h; path = posix_logger.h; sourceTree = "<group>"; };
		4E8277F713EAF49500C64821 /* random.h */ = {isa = PBXFileReference; lastKnownFileType = sourcecode.c.h; path = random.h; sourceTree = "<group>"; };
		4E8277F813EAF49500C64821 /* status.cc */ = {isa = PBXFileReference; lastKnownFileType = sourcecode.cpp.cpp; path = status.cc; sourceTree = "<group>"; };
		4E8277F913EAF49500C64821 /* testharness.cc */ = {isa = PBXFileReference; lastKnownFileType = sourcecode.cpp.cpp; path = testharness.cc; sourceTree = "<group>"; };
		4E8277FA13EAF49500C64821 /* testharness.h */ = {isa = PBXFileReference; lastKnownFileType = sourcecode.c.h; path = testharness.h; sourceTree = "<group>"; };
		4E8277FB13EAF49500C64821 /* testutil.cc */ = {isa = PBXFileReference; lastKnownFileType = sourcecode.cpp.cpp; path = testutil.cc; sourceTree = "<group>"; };
		4E8277FC13EAF49500C64821 /* testutil.h */ = {isa = PBXFileReference; lastKnownFileType = sourcecode.c.h; path = testutil.h; sourceTree = "<group>"; };
		4E82780113EAF4A600C64821 /* libleveldb.a */ = {isa = PBXFileReference; explicitFileType = archive.ar; includeInIndex = 0; path = libleveldb.a; sourceTree = BUILT_PRODUCTS_DIR; };
		4E82784813EAF85500C64821 /* NSLDBIterator.h */ = {isa = PBXFileReference; fileEncoding = 4; lastKnownFileType = sourcecode.c.h; path = NSLDBIterator.h; sourceTree = "<group>"; };
		4E82784913EAF85500C64821 /* NSLDBIterator.mm */ = {isa = PBXFileReference; fileEncoding = 4; lastKnownFileType = sourcecode.cpp.objcpp; path = NSLDBIterator.mm; sourceTree = "<group>"; };
		4E82784A13EAF85500C64821 /* NULDBCache.h */ = {isa = PBXFileReference; fileEncoding = 4; lastKnownFileType = sourcecode.c.h; path = NULDBCache.h; sourceTree = "<group>"; };
		4E82784B13EAF85500C64821 /* NULDBCache.mm */ = {isa = PBXFileReference; fileEncoding = 4; lastKnownFileType = sourcecode.cpp.objcpp; path = NULDBCache.mm; sourceTree = "<group>"; };
		4E82784C13EAF85500C64821 /* NULDBComparator.h */ = {isa = PBXFileReference; fileEncoding = 4; lastKnownFileType = sourcecode.c.h; path = NULDBComparator.h; sourceTree = "<group>"; };
		4E82784D13EAF85500C64821 /* NULDBComparator.mm */ = {isa = PBXFileReference; fileEncoding = 4; lastKnownFileType = sourcecode.cpp.objcpp; path = NULDBComparator.mm; sourceTree = "<group>"; };
		4E82784E13EAF85500C64821 /* NULDBDB+Testing.h */ = {isa = PBXFileReference; fileEncoding = 4; lastKnownFileType = sourcecode.c.h; path = "NULDBDB+Testing.h"; sourceTree = "<group>"; };
		4E82784F13EAF85500C64821 /* NULDBDB+Testing.m */ = {isa = PBXFileReference; fileEncoding = 4; lastKnownFileType = sourcecode.c.objc; path = "NULDBDB+Testing.m"; sourceTree = "<group>"; };
		4E82785013EAF85500C64821 /* NULDBDB.h */ = {isa = PBXFileReference; fileEncoding = 4; lastKnownFileType = sourcecode.c.h; path = NULDBDB.h; sourceTree = "<group>"; };
		4E82785113EAF85500C64821 /* NULDBDB.mm */ = {isa = PBXFileReference; fileEncoding = 4; lastKnownFileType = sourcecode.cpp.objcpp; path = NULDBDB.mm; sourceTree = "<group>"; };
		4E82785213EAF85500C64821 /* NULDBSlice.h */ = {isa = PBXFileReference; fileEncoding = 4; lastKnownFileType = sourcecode.c.h; path = NULDBSlice.h; sourceTree = "<group>"; };
		4E82785313EAF85500C64821 /* NULDBSlice.mm */ = {isa = PBXFileReference; fileEncoding = 4; lastKnownFileType = sourcecode.cpp.objcpp; path = NULDBSlice.mm; sourceTree = "<group>"; };
		4E82785413EAF85500C64821 /* NULDBStatus.h */ = {isa = PBXFileReference; fileEncoding = 4; lastKnownFileType = sourcecode.c.h; path = NULDBStatus.h; sourceTree = "<group>"; };
		4E82785513EAF85500C64821 /* NULDBStatus.mm */ = {isa = PBXFileReference; fileEncoding = 4; lastKnownFileType = sourcecode.cpp.objcpp; path = NULDBStatus.mm; sourceTree = "<group>"; };
		4E82785613EAF85500C64821 /* NULDBTable.h */ = {isa = PBXFileReference; fileEncoding = 4; lastKnownFileType = sourcecode.c.h; path = NULDBTable.h; sourceTree = "<group>"; };
		4E82785713EAF85500C64821 /* NULDBTable.mm */ = {isa = PBXFileReference; fileEncoding = 4; lastKnownFileType = sourcecode.cpp.objcpp; path = NULDBTable.mm; sourceTree = "<group>"; };
		4E82787B13EAFE1400C64821 /* NULDBTestUtilities.h */ = {isa = PBXFileReference; fileEncoding = 4; lastKnownFileType = sourcecode.c.h; path = NULDBTestUtilities.h; sourceTree = "<group>"; };
		4E82787C13EAFE1400C64821 /* NULDBTestUtilities.m */ = {isa = PBXFileReference; fileEncoding = 4; lastKnownFileType = sourcecode.c.objc; path = NULDBTestUtilities.m; sourceTree = "<group>"; };
		4E82787D13EAFE1400C64821 /* NULevelDB_Test.h */ = {isa = PBXFileReference; fileEncoding = 4; lastKnownFileType = sourcecode.c.h; path = NULevelDB_Test.h; sourceTree = "<group>"; };
		4E82787E13EAFE1400C64821 /* NULevelDB_Test.m */ = {isa = PBXFileReference; fileEncoding = 4; lastKnownFileType = sourcecode.c.objc; path = NULevelDB_Test.m; sourceTree = "<group>"; };
/* End PBXFileReference section */

/* Begin PBXFrameworksBuildPhase section */
		2EE60079160AE7CC00CD86D6 /* Frameworks */ = {
			isa = PBXFrameworksBuildPhase;
			buildActionMask = 2147483647;
			files = (
				2EE600DE160AEB1800CD86D6 /* libleveldb.a in Frameworks */,
				2EE6007D160AE7CC00CD86D6 /* Foundation.framework in Frameworks */,
			);
			runOnlyForDeploymentPostprocessing = 0;
		};
		4E82773213EAF44500C64821 /* Frameworks */ = {
			isa = PBXFrameworksBuildPhase;
			buildActionMask = 2147483647;
			files = (
				4E82773B13EAF44500C64821 /* Foundation.framework in Frameworks */,
				4E82773813EAF44500C64821 /* SenTestingKit.framework in Frameworks */,
				4E221EB013EC966400203E8D /* CoreData.framework in Frameworks */,
				4E82773D13EAF44500C64821 /* CoreGraphics.framework in Frameworks */,
				4E82773A13EAF44500C64821 /* UIKit.framework in Frameworks */,
				4E82774313EAF44500C64821 /* NULevelDB.framework in Frameworks */,
			);
			runOnlyForDeploymentPostprocessing = 0;
		};
		4E8277FE13EAF4A600C64821 /* Frameworks */ = {
			isa = PBXFrameworksBuildPhase;
			buildActionMask = 2147483647;
			files = (
			);
			runOnlyForDeploymentPostprocessing = 0;
		};
/* End PBXFrameworksBuildPhase section */

/* Begin PBXGroup section */
		4E221E6713EC8FBF00203E8D /* TestModel */ = {
			isa = PBXGroup;
			children = (
				4E221E8A13EC907100203E8D /* _NULDBTestAddress.h */,
				4E221E8B13EC907200203E8D /* _NULDBTestAddress.m */,
				4E221E8C13EC907200203E8D /* _NULDBTestCompany.h */,
				4E221E8D13EC907200203E8D /* _NULDBTestCompany.m */,
				4E221E8E13EC907200203E8D /* _NULDBTestPerson.h */,
				4E221E8F13EC907200203E8D /* _NULDBTestPerson.m */,
				4E221E9013EC907200203E8D /* _NULDBTestPhone.h */,
				4E221E9113EC907200203E8D /* _NULDBTestPhone.m */,
				4E221E6813EC8FBF00203E8D /* NULDBTestAddress.h */,
				4E221E6913EC8FBF00203E8D /* NULDBTestAddress.m */,
				4E221E6A13EC8FBF00203E8D /* NULDBTestCompany.h */,
				4E221E6B13EC8FBF00203E8D /* NULDBTestCompany.m */,
				4E221E6C13EC8FBF00203E8D /* NULDBTestModel.h */,
				4E221E6D13EC8FBF00203E8D /* NULDBTestModel.m */,
				4E221E6E13EC8FBF00203E8D /* NULDBTestPerson.h */,
				4E221E6F13EC8FBF00203E8D /* NULDBTestPerson.m */,
				4E221E7013EC8FBF00203E8D /* NULDBTestPhone.h */,
				4E221E7113EC8FBF00203E8D /* NULDBTestPhone.m */,
			);
			path = TestModel;
			sourceTree = "<group>";
		};
		4E82771713EAF44500C64821 = {
			isa = PBXGroup;
			children = (
				2EE600B7160AE87800CD86D6 /* NULDBUtilities.h */,
				2EE600A5160AE85100CD86D6 /* NSLDBIterator.h */,
				2EE600A6160AE85100CD86D6 /* NULDBCache.h */,
				2EE600A7160AE85100CD86D6 /* NULDBComparator.h */,
				2EE600A8160AE85100CD86D6 /* NULDBDB.h */,
				2EE600A9160AE85100CD86D6 /* NULDBSerializable.h */,
				2EE600AA160AE85100CD86D6 /* NULDBSlice.h */,
				2EE600AB160AE85100CD86D6 /* NULDBStatus.h */,
				2EE600AC160AE85100CD86D6 /* NULDBTable.h */,
				2EE600AD160AE85100CD86D6 /* NULDBWriteBatch.h */,
				2EE60088160AE7EF00CD86D6 /* NSLDBIterator.mm */,
				2EE60089160AE7EF00CD86D6 /* NULDBCache.mm */,
				2EE6008A160AE7EF00CD86D6 /* NULDBComparator.mm */,
				2EE6008B160AE7EF00CD86D6 /* NULDBDB.mm */,
				2EE6008C160AE7EF00CD86D6 /* NULDBDB+BulkAccess.mm */,
				2EE6008D160AE7EF00CD86D6 /* NULDBDB+Enumeration.mm */,
				2EE6008E160AE7EF00CD86D6 /* NULDBDB+Serializing.mm */,
				2EE6008F160AE7EF00CD86D6 /* NULDBDB+SizeEstimation.mm */,
				2EE60090160AE7EF00CD86D6 /* NULDBSlice.mm */,
				2EE60091160AE7EF00CD86D6 /* NULDBStatus.mm */,
				2EE60092160AE7EF00CD86D6 /* NULDBTable.mm */,
				2EE60093160AE7EF00CD86D6 /* NULDBUtilities.mm */,
				2EE60094160AE7EF00CD86D6 /* NULDBWriteBatch.mm */,
				4E221ED513F07B2700203E8D /* README.md */,
				4E82775513EAF49500C64821 /* leveldb */,
				4E82772A13EAF44500C64821 /* NULevelDB */,
				4E82774413EAF44500C64821 /* NULevelDBTests */,
				4E82772713EAF44500C64821 /* Frameworks */,
				4E82772613EAF44500C64821 /* Products */,
			);
			sourceTree = "<group>";
		};
		4E82772613EAF44500C64821 /* Products */ = {
			isa = PBXGroup;
			children = (
				4E82772513EAF44500C64821 /* NULevelDB.framework */,
				4E82773613EAF44500C64821 /* NULevelDBTests.octest */,
				4E82780113EAF4A600C64821 /* libleveldb.a */,
				2EE6007C160AE7CC00CD86D6 /* liblibNULevelDB.a */,
			);
			name = Products;
			sourceTree = "<group>";
		};
		4E82772713EAF44500C64821 /* Frameworks */ = {
			isa = PBXGroup;
			children = (
				4E221EAE13EC94E100203E8D /* CoreData.framework */,
				4E82772813EAF44500C64821 /* Foundation.framework */,
				4E82773713EAF44500C64821 /* SenTestingKit.framework */,
				4E82773913EAF44500C64821 /* UIKit.framework */,
				4E82773C13EAF44500C64821 /* CoreGraphics.framework */,
			);
			name = Frameworks;
			sourceTree = "<group>";
		};
		4E82772A13EAF44500C64821 /* NULevelDB */ = {
			isa = PBXGroup;
			children = (
				4E82784713EAF85500C64821 /* Classes */,
				4E82772B13EAF44500C64821 /* Supporting Files */,
				4E34E6FD1471737900945FDB /* Serialization Issues */,
			);
			path = NULevelDB;
			sourceTree = "<group>";
		};
		4E82772B13EAF44500C64821 /* Supporting Files */ = {
			isa = PBXGroup;
			children = (
				4E82772C13EAF44500C64821 /* NULevelDB-Info.plist */,
				4E82772D13EAF44500C64821 /* InfoPlist.strings */,
				4E82773013EAF44500C64821 /* NULevelDB-Prefix.pch */,
			);
			name = "Supporting Files";
			sourceTree = "<group>";
		};
		4E82774413EAF44500C64821 /* NULevelDBTests */ = {
			isa = PBXGroup;
			children = (
				4E82787213EAFE1400C64821 /* Tests */,
				4E82774513EAF44500C64821 /* Supporting Files */,
			);
			path = NULevelDBTests;
			sourceTree = "<group>";
		};
		4E82774513EAF44500C64821 /* Supporting Files */ = {
			isa = PBXGroup;
			children = (
				4E82774613EAF44500C64821 /* NULevelDBTests-Info.plist */,
				4E82774713EAF44500C64821 /* InfoPlist.strings */,
			);
			name = "Supporting Files";
			sourceTree = "<group>";
		};
		4E82775513EAF49500C64821 /* leveldb */ = {
			isa = PBXGroup;
			children = (
				4E82777D13EAF49500C64821 /* db */,
				4E8277AE13EAF49500C64821 /* include */,
				4E8277BB13EAF49500C64821 /* LICENSE */,
				4E8277BC13EAF49500C64821 /* Makefile */,
				4E8277BE13EAF49500C64821 /* port */,
				4E8277CC13EAF49500C64821 /* README */,
				4E8277CD13EAF49500C64821 /* table */,
				4E8277DE13EAF49500C64821 /* util */,
			);
			path = leveldb;
			sourceTree = "<group>";
		};
		4E82777D13EAF49500C64821 /* db */ = {
			isa = PBXGroup;
			children = (
				4E82777E13EAF49500C64821 /* builder.cc */,
				4E82777F13EAF49500C64821 /* builder.h */,
				4E82778013EAF49500C64821 /* corruption_test.cc */,
				4E82778113EAF49500C64821 /* db_bench.cc */,
				4E82778213EAF49500C64821 /* db_impl.cc */,
				4E82778313EAF49500C64821 /* db_impl.h */,
				4E82778413EAF49500C64821 /* db_iter.cc */,
				4E82778513EAF49500C64821 /* db_iter.h */,
				4E82778613EAF49500C64821 /* db_test.cc */,
				4E82778713EAF49500C64821 /* dbformat.cc */,
				4E82778813EAF49500C64821 /* dbformat.h */,
				4E82778913EAF49500C64821 /* dbformat_test.cc */,
				4E82778A13EAF49500C64821 /* filename.cc */,
				4E82778B13EAF49500C64821 /* filename.h */,
				4E82778C13EAF49500C64821 /* filename_test.cc */,
				4E82778D13EAF49500C64821 /* log_format.h */,
				4E82778E13EAF49500C64821 /* log_reader.cc */,
				4E82778F13EAF49500C64821 /* log_reader.h */,
				4E82779013EAF49500C64821 /* log_test.cc */,
				4E82779113EAF49500C64821 /* log_writer.cc */,
				4E82779213EAF49500C64821 /* log_writer.h */,
				4E82779313EAF49500C64821 /* memtable.cc */,
				4E82779413EAF49500C64821 /* memtable.h */,
				4E82779513EAF49500C64821 /* repair.cc */,
				4E82779613EAF49500C64821 /* skiplist.h */,
				4E82779713EAF49500C64821 /* skiplist_test.cc */,
				4E82779813EAF49500C64821 /* snapshot.h */,
				4E82779913EAF49500C64821 /* table_cache.cc */,
				4E82779A13EAF49500C64821 /* table_cache.h */,
				4E82779B13EAF49500C64821 /* version_edit.cc */,
				4E82779C13EAF49500C64821 /* version_edit.h */,
				4E82779D13EAF49500C64821 /* version_edit_test.cc */,
				4E82779E13EAF49500C64821 /* version_set.cc */,
				4E82779F13EAF49500C64821 /* version_set.h */,
				4E8277A013EAF49500C64821 /* version_set_test.cc */,
				4E8277A113EAF49500C64821 /* write_batch.cc */,
				4E8277A213EAF49500C64821 /* write_batch_internal.h */,
				4E8277A313EAF49500C64821 /* write_batch_test.cc */,
			);
			path = db;
			sourceTree = "<group>";
		};
		4E8277AE13EAF49500C64821 /* include */ = {
			isa = PBXGroup;
			children = (
				4E8277AF13EAF49500C64821 /* leveldb */,
			);
			path = include;
			sourceTree = "<group>";
		};
		4E8277AF13EAF49500C64821 /* leveldb */ = {
			isa = PBXGroup;
			children = (
				4E8277B013EAF49500C64821 /* cache.h */,
				4E8277B113EAF49500C64821 /* comparator.h */,
				4E8277B213EAF49500C64821 /* db.h */,
				4E8277B313EAF49500C64821 /* env.h */,
				4E8277B413EAF49500C64821 /* iterator.h */,
				4E8277B513EAF49500C64821 /* options.h */,
				4E8277B613EAF49500C64821 /* slice.h */,
				4E8277B713EAF49500C64821 /* status.h */,
				4E8277B813EAF49500C64821 /* table.h */,
				4E8277B913EAF49500C64821 /* table_builder.h */,
				4E8277BA13EAF49500C64821 /* write_batch.h */,
			);
			path = leveldb;
			sourceTree = "<group>";
		};
		4E8277BE13EAF49500C64821 /* port */ = {
			isa = PBXGroup;
			children = (
				4E8277BF13EAF49500C64821 /* atomic_pointer.h */,
				4E8277C013EAF49500C64821 /* port.h */,
				4E8277C113EAF49500C64821 /* port_android.cc */,
				4E8277C213EAF49500C64821 /* port_android.h */,
				4E8277C313EAF49500C64821 /* port_example.h */,
				4E8277C413EAF49500C64821 /* port_posix.cc */,
				4E8277C513EAF49500C64821 /* port_posix.h */,
				4E8277C613EAF49500C64821 /* README */,
				4E8277C713EAF49500C64821 /* sha1_portable.cc */,
				4E8277C813EAF49500C64821 /* sha1_portable.h */,
				4E8277C913EAF49500C64821 /* sha1_test.cc */,
			);
			path = port;
			sourceTree = "<group>";
		};
		4E8277CD13EAF49500C64821 /* table */ = {
			isa = PBXGroup;
			children = (
				4E8277CE13EAF49500C64821 /* block.cc */,
				4E8277CF13EAF49500C64821 /* block.h */,
				4E8277D013EAF49500C64821 /* block_builder.cc */,
				4E8277D113EAF49500C64821 /* block_builder.h */,
				4E8277D213EAF49500C64821 /* format.cc */,
				4E8277D313EAF49500C64821 /* format.h */,
				4E8277D413EAF49500C64821 /* iterator.cc */,
				4E8277D513EAF49500C64821 /* iterator_wrapper.h */,
				4E8277D613EAF49500C64821 /* merger.cc */,
				4E8277D713EAF49500C64821 /* merger.h */,
				4E8277D813EAF49500C64821 /* table.cc */,
				4E8277D913EAF49500C64821 /* table_builder.cc */,
				4E8277DA13EAF49500C64821 /* table_test.cc */,
				4E8277DB13EAF49500C64821 /* two_level_iterator.cc */,
				4E8277DC13EAF49500C64821 /* two_level_iterator.h */,
			);
			path = table;
			sourceTree = "<group>";
		};
		4E8277DE13EAF49500C64821 /* util */ = {
			isa = PBXGroup;
			children = (
				4E8277DF13EAF49500C64821 /* arena.cc */,
				4E8277E013EAF49500C64821 /* arena.h */,
				4E8277E113EAF49500C64821 /* arena_test.cc */,
				4E8277E213EAF49500C64821 /* cache.cc */,
				4E8277E313EAF49500C64821 /* cache_test.cc */,
				4E8277E413EAF49500C64821 /* coding.cc */,
				4E8277E513EAF49500C64821 /* coding.h */,
				4E8277E613EAF49500C64821 /* coding_test.cc */,
				4E8277E713EAF49500C64821 /* comparator.cc */,
				4E8277E813EAF49500C64821 /* crc32c.cc */,
				4E8277E913EAF49500C64821 /* crc32c.h */,
				4E8277EA13EAF49500C64821 /* crc32c_test.cc */,
				4E8277EB13EAF49500C64821 /* env.cc */,
				4E8277EC13EAF49500C64821 /* env_posix.cc */,
				4E8277ED13EAF49500C64821 /* env_test.cc */,
				4E8277EE13EAF49500C64821 /* hash.cc */,
				4E8277EF13EAF49500C64821 /* hash.h */,
				4E8277F013EAF49500C64821 /* histogram.cc */,
				4E8277F113EAF49500C64821 /* histogram.h */,
				4E8277F213EAF49500C64821 /* logging.cc */,
				4E8277F313EAF49500C64821 /* logging.h */,
				4E8277F413EAF49500C64821 /* mutexlock.h */,
				4E8277F513EAF49500C64821 /* options.cc */,
				4E8277F613EAF49500C64821 /* posix_logger.h */,
				4E8277F713EAF49500C64821 /* random.h */,
				4E8277F813EAF49500C64821 /* status.cc */,
				4E8277F913EAF49500C64821 /* testharness.cc */,
				4E8277FA13EAF49500C64821 /* testharness.h */,
				4E8277FB13EAF49500C64821 /* testutil.cc */,
				4E8277FC13EAF49500C64821 /* testutil.h */,
			);
			path = util;
			sourceTree = "<group>";
		};
		4E82784713EAF85500C64821 /* Classes */ = {
			isa = PBXGroup;
			children = (
				4E7D08B314646094001F4447 /* NULDBDB_private.h */,
				4E221EDE13F2D07D00203E8D /* NULDBSerializable.h */,
				4E82784A13EAF85500C64821 /* NULDBCache.h */,
				4E82784B13EAF85500C64821 /* NULDBCache.mm */,
				4E82784C13EAF85500C64821 /* NULDBComparator.h */,
				4E82784D13EAF85500C64821 /* NULDBComparator.mm */,
				4E82785013EAF85500C64821 /* NULDBDB.h */,
				4E82785113EAF85500C64821 /* NULDBDB.mm */,
				4E82784813EAF85500C64821 /* NSLDBIterator.h */,
				4E82784913EAF85500C64821 /* NSLDBIterator.mm */,
				4E82785213EAF85500C64821 /* NULDBSlice.h */,
				4E82785313EAF85500C64821 /* NULDBSlice.mm */,
				4E82785413EAF85500C64821 /* NULDBStatus.h */,
				4E82785513EAF85500C64821 /* NULDBStatus.mm */,
				4E82785613EAF85500C64821 /* NULDBTable.h */,
				4E82785713EAF85500C64821 /* NULDBTable.mm */,
				4E221ED913F2C40900203E8D /* NULDBUtilities.h */,
				4E221EDA13F2C40A00203E8D /* NULDBUtilities.mm */,
				4E7D08B61464625D001F4447 /* NULDBDB+Enumeration.mm */,
				4E7D08BA1464644B001F4447 /* NULDBDB+SizeEstimation.mm */,
				4E7D08BE146465D8001F4447 /* NULDBDB+BulkAccess.mm */,
				4E7D08C2146466D6001F4447 /* NULDBDB+Serializing.mm */,
				4E34E6F814715FAB00945FDB /* NULDBWriteBatch.h */,
				4E34E6F914715FAB00945FDB /* NULDBWriteBatch.mm */,
			);
			path = Classes;
			sourceTree = SOURCE_ROOT;
		};
		4E82787213EAFE1400C64821 /* Tests */ = {
			isa = PBXGroup;
			children = (
				4E221E6713EC8FBF00203E8D /* TestModel */,
				4E82787B13EAFE1400C64821 /* NULDBTestUtilities.h */,
				4E82787C13EAFE1400C64821 /* NULDBTestUtilities.m */,
				4E82784E13EAF85500C64821 /* NULDBDB+Testing.h */,
				4E82784F13EAF85500C64821 /* NULDBDB+Testing.m */,
				4E82787D13EAFE1400C64821 /* NULevelDB_Test.h */,
				4E82787E13EAFE1400C64821 /* NULevelDB_Test.m */,
			);
			path = Tests;
			sourceTree = SOURCE_ROOT;
		};
/* End PBXGroup section */

/* Begin PBXHeadersBuildPhase section */
		2EE600A4160AE82500CD86D6 /* Headers */ = {
			isa = PBXHeadersBuildPhase;
			buildActionMask = 2147483647;
			files = (
				2EE600AE160AE85100CD86D6 /* NSLDBIterator.h in Headers */,
				2EE600AF160AE85100CD86D6 /* NULDBCache.h in Headers */,
				2EE600B0160AE85100CD86D6 /* NULDBComparator.h in Headers */,
				2EE600B1160AE85100CD86D6 /* NULDBDB.h in Headers */,
				2EE600B2160AE85100CD86D6 /* NULDBSerializable.h in Headers */,
				2EE600B3160AE85100CD86D6 /* NULDBSlice.h in Headers */,
				2EE600B4160AE85100CD86D6 /* NULDBStatus.h in Headers */,
				2EE600B5160AE85100CD86D6 /* NULDBTable.h in Headers */,
				2EE600B6160AE85100CD86D6 /* NULDBWriteBatch.h in Headers */,
				2EE600B8160AE87800CD86D6 /* NULDBUtilities.h in Headers */,
			);
			runOnlyForDeploymentPostprocessing = 0;
		};
		4E82772113EAF44500C64821 /* Headers */ = {
			isa = PBXHeadersBuildPhase;
			buildActionMask = 2147483647;
			files = (
				4E82785813EAF85500C64821 /* NSLDBIterator.h in Headers */,
				4E82785A13EAF85500C64821 /* NULDBCache.h in Headers */,
				4E82785C13EAF85500C64821 /* NULDBComparator.h in Headers */,
				4E82785E13EAF85500C64821 /* NULDBDB+Testing.h in Headers */,
				4E82786013EAF85500C64821 /* NULDBDB.h in Headers */,
				4E82786213EAF85500C64821 /* NULDBSlice.h in Headers */,
				4E82786413EAF85500C64821 /* NULDBStatus.h in Headers */,
				4E82786613EAF85500C64821 /* NULDBTable.h in Headers */,
				4E221EDF13F2D0C200203E8D /* NULDBSerializable.h in Headers */,
				4E221EE113F2D0D500203E8D /* NULDBUtilities.h in Headers */,
				4E34E7041471765D00945FDB /* NULDBWriteBatch.h in Headers */,
			);
			runOnlyForDeploymentPostprocessing = 0;
		};
		4E8277FF13EAF4A600C64821 /* Headers */ = {
			isa = PBXHeadersBuildPhase;
			buildActionMask = 2147483647;
			files = (
			);
			runOnlyForDeploymentPostprocessing = 0;
		};
/* End PBXHeadersBuildPhase section */

/* Begin PBXNativeTarget section */
		2EE6007B160AE7CC00CD86D6 /* libNULevelDB */ = {
			isa = PBXNativeTarget;
			buildConfigurationList = 2EE60085160AE7CC00CD86D6 /* Build configuration list for PBXNativeTarget "libNULevelDB" */;
			buildPhases = (
				2EE600A4160AE82500CD86D6 /* Headers */,
				2EE60078160AE7CC00CD86D6 /* Sources */,
				2EE60079160AE7CC00CD86D6 /* Frameworks */,
			);
			buildRules = (
			);
			dependencies = (
				2EE600A3160AE80200CD86D6 /* PBXTargetDependency */,
			);
			name = libNULevelDB;
			productName = libNULevelDB;
			productReference = 2EE6007C160AE7CC00CD86D6 /* liblibNULevelDB.a */;
			productType = "com.apple.product-type.library.static";
		};
		4E82772413EAF44500C64821 /* NULevelDB */ = {
			isa = PBXNativeTarget;
			buildConfigurationList = 4E82774F13EAF44500C64821 /* Build configuration list for PBXNativeTarget "NULevelDB" */;
			buildPhases = (
				4E82772113EAF44500C64821 /* Headers */,
				4E82771F13EAF44500C64821 /* Sources */,
				4E82772213EAF44500C64821 /* Resources */,
				4E82772313EAF44500C64821 /* Package to Framework */,
			);
			buildRules = (
			);
			dependencies = (
				4E82780D13EAF4B500C64821 /* PBXTargetDependency */,
			);
			name = NULevelDB;
			productName = NULevelDB;
			productReference = 4E82772513EAF44500C64821 /* NULevelDB.framework */;
			productType = "com.apple.product-type.framework.static";
		};
		4E82773513EAF44500C64821 /* NULevelDBTests */ = {
			isa = PBXNativeTarget;
			buildConfigurationList = 4E82775213EAF44500C64821 /* Build configuration list for PBXNativeTarget "NULevelDBTests" */;
			buildPhases = (
				4E82773113EAF44500C64821 /* Sources */,
				4E82773213EAF44500C64821 /* Frameworks */,
				4E82773313EAF44500C64821 /* Resources */,
				4E82773413EAF44500C64821 /* ShellScript */,
			);
			buildRules = (
			);
			dependencies = (
				4E82773F13EAF44500C64821 /* PBXTargetDependency */,
				4E82774113EAF44500C64821 /* PBXTargetDependency */,
			);
			name = NULevelDBTests;
			productName = NULevelDBTests;
			productReference = 4E82773613EAF44500C64821 /* NULevelDBTests.octest */;
			productType = "com.apple.product-type.bundle";
		};
		4E82780013EAF4A600C64821 /* leveldb */ = {
			isa = PBXNativeTarget;
			buildConfigurationList = 4E82780913EAF4A600C64821 /* Build configuration list for PBXNativeTarget "leveldb" */;
			buildPhases = (
				4E8277FD13EAF4A600C64821 /* Sources */,
				4E8277FE13EAF4A600C64821 /* Frameworks */,
				4E8277FF13EAF4A600C64821 /* Headers */,
			);
			buildRules = (
			);
			dependencies = (
			);
			name = leveldb;
			productName = leveldb;
			productReference = 4E82780113EAF4A600C64821 /* libleveldb.a */;
			productType = "com.apple.product-type.library.static";
		};
/* End PBXNativeTarget section */

/* Begin PBXProject section */
		4E82771913EAF44500C64821 /* Project object */ = {
			isa = PBXProject;
			attributes = {
				LastUpgradeCheck = 0420;
				ORGANIZATIONNAME = "Nulayer Inc";
			};
			buildConfigurationList = 4E82771C13EAF44500C64821 /* Build configuration list for PBXProject "NULevelDB" */;
			compatibilityVersion = "Xcode 3.2";
			developmentRegion = English;
			hasScannedForEncodings = 0;
			knownRegions = (
				en,
			);
			mainGroup = 4E82771713EAF44500C64821;
			productRefGroup = 4E82772613EAF44500C64821 /* Products */;
			projectDirPath = "";
			projectRoot = "";
			targets = (
				4E82780013EAF4A600C64821 /* leveldb */,
				4E82772413EAF44500C64821 /* NULevelDB */,
				4E82773513EAF44500C64821 /* NULevelDBTests */,
				2EE6007B160AE7CC00CD86D6 /* libNULevelDB */,
			);
		};
/* End PBXProject section */

/* Begin PBXResourcesBuildPhase section */
		4E82772213EAF44500C64821 /* Resources */ = {
			isa = PBXResourcesBuildPhase;
			buildActionMask = 2147483647;
			files = (
				4E82772F13EAF44500C64821 /* InfoPlist.strings in Resources */,
			);
			runOnlyForDeploymentPostprocessing = 0;
		};
		4E82773313EAF44500C64821 /* Resources */ = {
			isa = PBXResourcesBuildPhase;
			buildActionMask = 2147483647;
			files = (
				4E82774913EAF44500C64821 /* InfoPlist.strings in Resources */,
			);
			runOnlyForDeploymentPostprocessing = 0;
		};
/* End PBXResourcesBuildPhase section */

/* Begin PBXShellScriptBuildPhase section */
		4E82772313EAF44500C64821 /* Package to Framework */ = {
			isa = PBXShellScriptBuildPhase;
			buildActionMask = 2147483647;
			files = (
			);
			inputPaths = (
			);
			name = "Package to Framework";
			outputPaths = (
			);
			runOnlyForDeploymentPostprocessing = 0;
			shellPath = /bin/sh;
			shellScript = "# Environment Variables\nFRAMEWORK_NAME=${PROJECT_NAME}\nFRAMEWORK_VERSION=A\nFRAMEWORK_VERSION_NUMBER=1.0\nFRAMEWORK_BUILD_PATH=\"${SRCROOT}/build/${CONFIGURATION}-framework\"\nFRAMEWORK_DIR=\"${FRAMEWORK_BUILD_PATH}/${FRAMEWORK_NAME}.framework\"\nFRAMEWORK_PACKAGE_NAME=\"${FRAMEWORK_NAME}.${FRAMEWORK_VERSION_NUMBER}.zip\"\n\n# Clean directories\nrm -rf \"${FRAMEWORK_BUILD_PATH}\"\nrm -rf dist/${CONFIGURATION}\n\n# Build simulator and device binaries.\nxcodebuild -project ${PROJECT_NAME}.xcodeproj -sdk iphonesimulator5.1 -target \"${PROJECT_NAME}\" -configuration ${CONFIGURATION} build\nxcodebuild -project ${PROJECT_NAME}.xcodeproj -sdk iphoneos5.1 -target \"${PROJECT_NAME}\" -configuration ${CONFIGURATION} build\n\n# create framework directories.\nmkdir -p ${FRAMEWORK_DIR}\nmkdir -p ${FRAMEWORK_DIR}/Versions\nmkdir -p ${FRAMEWORK_DIR}/Versions/${FRAMEWORK_VERSION}\nmkdir -p ${FRAMEWORK_DIR}/Versions/${FRAMEWORK_VERSION}/Resources\nmkdir -p ${FRAMEWORK_DIR}/Versions/${FRAMEWORK_VERSION}/Headers\n\n# create symlinks\nln -s ${FRAMEWORK_VERSION} ${FRAMEWORK_DIR}/Versions/Current\nln -s Versions/Current/Headers ${FRAMEWORK_DIR}/Headers\nln -s Versions/Current/Resources ${FRAMEWORK_DIR}/Resources\nln -s Versions/Current/${FRAMEWORK_NAME} ${FRAMEWORK_DIR}/${FRAMEWORK_NAME}\n\n# create the universal library\nlipo ${SRCROOT}/build/${CONFIGURATION}-iphoneos/lib${FRAMEWORK_NAME}.a ${SRCROOT}/build/${CONFIGURATION}-iphonesimulator/lib${FRAMEWORK_NAME}.a -create -output \"${FRAMEWORK_DIR}/Versions/Current/${FRAMEWORK_NAME}\"\n\n# copy files\ncp ${SRCROOT}/build/${CONFIGURATION}-iphoneos/Headers/*.h ${FRAMEWORK_DIR}/Headers/\ncp Info.plist ${FRAMEWORK_DIR}/Resources\n                                                      \n# zip (配布用に UbireciFore.framework ディレクトリをZIP圧縮するだけなので、配布しないなら\n# 以下はコメントアウトしてもよい)\n                                                      \nmkdir -p dist\nmkdir -p dist/${CONFIGURATION}\nrm -rf dist/${CONFIGURATION}/${FRAMEWORK_NAME}.framework\ncp -R ${FRAMEWORK_DIR} dist/${CONFIGURATION}/${FRAMEWORK_NAME}.framework";
		};
		4E82773413EAF44500C64821 /* ShellScript */ = {
			isa = PBXShellScriptBuildPhase;
			buildActionMask = 2147483647;
			files = (
			);
			inputPaths = (
			);
			outputPaths = (
			);
			runOnlyForDeploymentPostprocessing = 0;
			shellPath = /bin/sh;
			shellScript = "# Run the unit tests in this test bundle.\n\"${SYSTEM_DEVELOPER_DIR}/Tools/RunUnitTests\"\n";
		};
/* End PBXShellScriptBuildPhase section */

/* Begin PBXSourcesBuildPhase section */
		2EE60078160AE7CC00CD86D6 /* Sources */ = {
			isa = PBXSourcesBuildPhase;
			buildActionMask = 2147483647;
			files = (
				2EE60095160AE7EF00CD86D6 /* NSLDBIterator.mm in Sources */,
				2EE60096160AE7EF00CD86D6 /* NULDBCache.mm in Sources */,
				2EE60097160AE7EF00CD86D6 /* NULDBComparator.mm in Sources */,
				2EE60098160AE7EF00CD86D6 /* NULDBDB.mm in Sources */,
				2EE60099160AE7EF00CD86D6 /* NULDBDB+BulkAccess.mm in Sources */,
				2EE6009A160AE7EF00CD86D6 /* NULDBDB+Enumeration.mm in Sources */,
				2EE6009B160AE7EF00CD86D6 /* NULDBDB+Serializing.mm in Sources */,
				2EE6009C160AE7EF00CD86D6 /* NULDBDB+SizeEstimation.mm in Sources */,
				2EE6009D160AE7EF00CD86D6 /* NULDBSlice.mm in Sources */,
				2EE6009E160AE7EF00CD86D6 /* NULDBStatus.mm in Sources */,
				2EE6009F160AE7EF00CD86D6 /* NULDBTable.mm in Sources */,
				2EE600A0160AE7EF00CD86D6 /* NULDBUtilities.mm in Sources */,
				2EE600A1160AE7EF00CD86D6 /* NULDBWriteBatch.mm in Sources */,
			);
			runOnlyForDeploymentPostprocessing = 0;
		};
		4E82771F13EAF44500C64821 /* Sources */ = {
			isa = PBXSourcesBuildPhase;
			buildActionMask = 2147483647;
			files = (
				4E82785913EAF85500C64821 /* NSLDBIterator.mm in Sources */,
				4E82785B13EAF85500C64821 /* NULDBCache.mm in Sources */,
				4E82785D13EAF85500C64821 /* NULDBComparator.mm in Sources */,
				4E82786113EAF85500C64821 /* NULDBDB.mm in Sources */,
				4E82786313EAF85500C64821 /* NULDBSlice.mm in Sources */,
				4E82786513EAF85500C64821 /* NULDBStatus.mm in Sources */,
				4E82786713EAF85500C64821 /* NULDBTable.mm in Sources */,
				4E221EDD13F2C5D100203E8D /* NULDBUtilities.mm in Sources */,
				4E7D08B81464625D001F4447 /* NULDBDB+Enumeration.mm in Sources */,
				4E7D08BC1464644B001F4447 /* NULDBDB+SizeEstimation.mm in Sources */,
				4E7D08C0146465D8001F4447 /* NULDBDB+BulkAccess.mm in Sources */,
				4E7D08C4146466D6001F4447 /* NULDBDB+Serializing.mm in Sources */,
				4E34E7051471766300945FDB /* NULDBWriteBatch.mm in Sources */,
			);
			runOnlyForDeploymentPostprocessing = 0;
		};
		4E82773113EAF44500C64821 /* Sources */ = {
			isa = PBXSourcesBuildPhase;
			buildActionMask = 2147483647;
			files = (
				4E3CDD5613EC319F00366CD8 /* NULDBDB+Testing.m in Sources */,
				4E82788313EAFE1400C64821 /* NULDBTestUtilities.m in Sources */,
				4E82788413EAFE1400C64821 /* NULevelDB_Test.m in Sources */,
				4E221E7213EC8FBF00203E8D /* NULDBTestAddress.m in Sources */,
				4E221E7313EC8FBF00203E8D /* NULDBTestCompany.m in Sources */,
				4E221E7413EC8FBF00203E8D /* NULDBTestModel.m in Sources */,
				4E221E7513EC8FBF00203E8D /* NULDBTestPerson.m in Sources */,
				4E221E7613EC8FBF00203E8D /* NULDBTestPhone.m in Sources */,
				4E221E9213EC907200203E8D /* _NULDBTestAddress.m in Sources */,
				4E221E9313EC907200203E8D /* _NULDBTestCompany.m in Sources */,
				4E221E9413EC907200203E8D /* _NULDBTestPerson.m in Sources */,
				4E221E9513EC907200203E8D /* _NULDBTestPhone.m in Sources */,
			);
			runOnlyForDeploymentPostprocessing = 0;
		};
		4E8277FD13EAF4A600C64821 /* Sources */ = {
			isa = PBXSourcesBuildPhase;
			buildActionMask = 2147483647;
			files = (
				4E82781B13EAF58B00C64821 /* arena.cc in Sources */,
				4E82781C13EAF58B00C64821 /* cache.cc in Sources */,
				4E82781D13EAF58B00C64821 /* coding.cc in Sources */,
				4E82781E13EAF58B00C64821 /* comparator.cc in Sources */,
				4E82781F13EAF58B00C64821 /* crc32c.cc in Sources */,
				4E82782013EAF58B00C64821 /* env.cc in Sources */,
				4E82782113EAF58B00C64821 /* env_posix.cc in Sources */,
				4E82782213EAF58B00C64821 /* hash.cc in Sources */,
				4E82782313EAF58B00C64821 /* histogram.cc in Sources */,
				4E82782413EAF58B00C64821 /* logging.cc in Sources */,
				4E82782513EAF58B00C64821 /* options.cc in Sources */,
				4E82782613EAF58B00C64821 /* status.cc in Sources */,
				4E82782F13EAF5AB00C64821 /* port_posix.cc in Sources */,
				4E82780E13EAF53E00C64821 /* builder.cc in Sources */,
				4E82788613EAFF8900C64821 /* db_iter.cc in Sources */,
				4E82781013EAF53E00C64821 /* db_impl.cc in Sources */,
				4E82781113EAF53E00C64821 /* dbformat.cc in Sources */,
				4E82781213EAF53E00C64821 /* filename.cc in Sources */,
				4E82781313EAF53E00C64821 /* log_reader.cc in Sources */,
				4E82781413EAF53E00C64821 /* log_writer.cc in Sources */,
				4E82781513EAF53E00C64821 /* memtable.cc in Sources */,
				4E82781613EAF53E00C64821 /* repair.cc in Sources */,
				4E82781713EAF53E00C64821 /* table_cache.cc in Sources */,
				4E82781813EAF53E00C64821 /* version_edit.cc in Sources */,
				4E82781913EAF53E00C64821 /* version_set.cc in Sources */,
				4E82781A13EAF53E00C64821 /* write_batch.cc in Sources */,
				4E82782713EAF5A000C64821 /* block.cc in Sources */,
				4E82782813EAF5A000C64821 /* block_builder.cc in Sources */,
				4E82782913EAF5A000C64821 /* format.cc in Sources */,
				4E82782A13EAF5A000C64821 /* iterator.cc in Sources */,
				4E82782B13EAF5A000C64821 /* merger.cc in Sources */,
				4E82782C13EAF5A000C64821 /* table.cc in Sources */,
				4E82782D13EAF5A000C64821 /* table_builder.cc in Sources */,
				4E82782E13EAF5A000C64821 /* two_level_iterator.cc in Sources */,
			);
			runOnlyForDeploymentPostprocessing = 0;
		};
/* End PBXSourcesBuildPhase section */

/* Begin PBXTargetDependency section */
		2EE600A3160AE80200CD86D6 /* PBXTargetDependency */ = {
			isa = PBXTargetDependency;
			target = 4E82780013EAF4A600C64821 /* leveldb */;
			targetProxy = 2EE600A2160AE80200CD86D6 /* PBXContainerItemProxy */;
		};
		4E82773F13EAF44500C64821 /* PBXTargetDependency */ = {
			isa = PBXTargetDependency;
			target = 4E82772413EAF44500C64821 /* NULevelDB */;
			targetProxy = 4E82773E13EAF44500C64821 /* PBXContainerItemProxy */;
		};
		4E82774113EAF44500C64821 /* PBXTargetDependency */ = {
			isa = PBXTargetDependency;
			target = 4E82772413EAF44500C64821 /* NULevelDB */;
			targetProxy = 4E82774013EAF44500C64821 /* PBXContainerItemProxy */;
		};
		4E82780D13EAF4B500C64821 /* PBXTargetDependency */ = {
			isa = PBXTargetDependency;
			target = 4E82780013EAF4A600C64821 /* leveldb */;
			targetProxy = 4E82780C13EAF4B500C64821 /* PBXContainerItemProxy */;
		};
/* End PBXTargetDependency section */

/* Begin PBXVariantGroup section */
		4E82772D13EAF44500C64821 /* InfoPlist.strings */ = {
			isa = PBXVariantGroup;
			children = (
				4E82772E13EAF44500C64821 /* en */,
			);
			name = InfoPlist.strings;
			sourceTree = "<group>";
		};
		4E82774713EAF44500C64821 /* InfoPlist.strings */ = {
			isa = PBXVariantGroup;
			children = (
				4E82774813EAF44500C64821 /* en */,
			);
			name = InfoPlist.strings;
			sourceTree = "<group>";
		};
/* End PBXVariantGroup section */

/* Begin XCBuildConfiguration section */
		2EE60086160AE7CC00CD86D6 /* Debug */ = {
			isa = XCBuildConfiguration;
			buildSettings = {
				ALWAYS_SEARCH_USER_PATHS = YES;
				CLANG_CXX_LANGUAGE_STANDARD = "compiler-default";
				CLANG_CXX_LIBRARY = "compiler-default";
				CLANG_ENABLE_OBJC_ARC = NO;
				CLANG_WARN_EMPTY_BODY = YES;
				CLANG_WARN__DUPLICATE_METHOD_MATCH = YES;
				DSTROOT = /tmp/libNULevelDB.dst;
				GCC_PRECOMPILE_PREFIX_HEADER = YES;
				GCC_PREFIX_HEADER = "NULevelDB/NULevelDB-Prefix.pch";
				GCC_WARN_UNINITIALIZED_AUTOS = YES;
				HEADER_SEARCH_PATHS = leveldb/include;
				IPHONEOS_DEPLOYMENT_TARGET = 6.0;
				OTHER_LDFLAGS = "-ObjC";
				PRODUCT_NAME = "$(TARGET_NAME)";
				SKIP_INSTALL = YES;
			};
			name = Debug;
		};
		2EE60087160AE7CC00CD86D6 /* Release */ = {
			isa = XCBuildConfiguration;
			buildSettings = {
				ALWAYS_SEARCH_USER_PATHS = YES;
				CLANG_CXX_LANGUAGE_STANDARD = "compiler-default";
				CLANG_CXX_LIBRARY = "compiler-default";
				CLANG_ENABLE_OBJC_ARC = NO;
				CLANG_WARN_EMPTY_BODY = YES;
				CLANG_WARN__DUPLICATE_METHOD_MATCH = YES;
				DSTROOT = /tmp/libNULevelDB.dst;
				GCC_PRECOMPILE_PREFIX_HEADER = YES;
				GCC_PREFIX_HEADER = "NULevelDB/NULevelDB-Prefix.pch";
				GCC_WARN_UNINITIALIZED_AUTOS = YES;
				HEADER_SEARCH_PATHS = leveldb/include;
				IPHONEOS_DEPLOYMENT_TARGET = 6.0;
				OTHER_LDFLAGS = "-ObjC";
				PRODUCT_NAME = "$(TARGET_NAME)";
				SKIP_INSTALL = YES;
			};
			name = Release;
		};
		4E82774D13EAF44500C64821 /* Debug */ = {
			isa = XCBuildConfiguration;
			buildSettings = {
				ALWAYS_SEARCH_USER_PATHS = NO;
				ARCHS = "$(ARCHS_STANDARD_32_BIT)";
				"ARCHS[sdk=iphoneos*]" = (
					armv7,
					armv6,
				);
				COPY_PHASE_STRIP = NO;
				GCC_C_LANGUAGE_STANDARD = gnu99;
				GCC_DYNAMIC_NO_PIC = NO;
				GCC_OPTIMIZATION_LEVEL = 0;
				GCC_PREPROCESSOR_DEFINITIONS = (
					"DEBUG=1",
					"$(inherited)",
				);
				GCC_SYMBOLS_PRIVATE_EXTERN = NO;
				GCC_VERSION = com.apple.compilers.llvm.clang.1_0;
				GCC_WARN_ABOUT_MISSING_PROTOTYPES = YES;
				GCC_WARN_ABOUT_RETURN_TYPE = YES;
				GCC_WARN_UNUSED_VARIABLE = YES;
				IPHONEOS_DEPLOYMENT_TARGET = 4.3;
				SDKROOT = iphoneos;
			};
			name = Debug;
		};
		4E82774E13EAF44500C64821 /* Release */ = {
			isa = XCBuildConfiguration;
			buildSettings = {
				ALWAYS_SEARCH_USER_PATHS = NO;
				ARCHS = "$(ARCHS_STANDARD_32_BIT)";
				"ARCHS[sdk=iphoneos*]" = (
					armv7,
					armv6,
				);
				COPY_PHASE_STRIP = YES;
				GCC_C_LANGUAGE_STANDARD = gnu99;
				GCC_VERSION = com.apple.compilers.llvm.clang.1_0;
				GCC_WARN_ABOUT_MISSING_PROTOTYPES = YES;
				GCC_WARN_ABOUT_RETURN_TYPE = YES;
				GCC_WARN_UNUSED_VARIABLE = YES;
				IPHONEOS_DEPLOYMENT_TARGET = 4.3;
				SDKROOT = iphoneos;
				VALIDATE_PRODUCT = YES;
			};
			name = Release;
		};
		4E82775013EAF44500C64821 /* Debug */ = {
			isa = XCBuildConfiguration;
			buildSettings = {
				DYLIB_COMPATIBILITY_VERSION = 1;
				DYLIB_CURRENT_VERSION = 1;
				FRAMEWORK_VERSION = A;
				GCC_PRECOMPILE_PREFIX_HEADER = YES;
				GCC_PREFIX_HEADER = "NULevelDB/NULevelDB-Prefix.pch";
				HEADER_SEARCH_PATHS = (
					"$(PROJECT_DIR)/leveldb/include/",
					"$(PROJECT_DIR)/leveldb/",
				);
				INFOPLIST_FILE = "NULevelDB/NULevelDB-Info.plist";
				OTHER_CFLAGS = "-DDEBUG";
				OTHER_LDFLAGS = "-ObjC";
				PRODUCT_NAME = "$(TARGET_NAME)";
				SKIP_INSTALL = YES;
				USER_HEADER_SEARCH_PATHS = "";
				WRAPPER_EXTENSION = framework;
			};
			name = Debug;
		};
		4E82775113EAF44500C64821 /* Release */ = {
			isa = XCBuildConfiguration;
			buildSettings = {
				DYLIB_COMPATIBILITY_VERSION = 1;
				DYLIB_CURRENT_VERSION = 1;
				FRAMEWORK_VERSION = A;
				GCC_PRECOMPILE_PREFIX_HEADER = YES;
				GCC_PREFIX_HEADER = "NULevelDB/NULevelDB-Prefix.pch";
				HEADER_SEARCH_PATHS = (
					"$(PROJECT_DIR)/leveldb/include/",
					"$(PROJECT_DIR)/leveldb/",
				);
				INFOPLIST_FILE = "NULevelDB/NULevelDB-Info.plist";
				OTHER_CFLAGS = "-DDEBUG";
				OTHER_LDFLAGS = "-ObjC";
				PRODUCT_NAME = "$(TARGET_NAME)";
				SKIP_INSTALL = YES;
				USER_HEADER_SEARCH_PATHS = "";
				WRAPPER_EXTENSION = framework;
			};
			name = Release;
		};
		4E82775313EAF44500C64821 /* Debug */ = {
			isa = XCBuildConfiguration;
			buildSettings = {
				FRAMEWORK_SEARCH_PATHS = (
					"$(SDKROOT)/Developer/Library/Frameworks",
					"$(DEVELOPER_LIBRARY_DIR)/Frameworks",
				);
				GCC_PRECOMPILE_PREFIX_HEADER = YES;
				GCC_PREFIX_HEADER = "NULevelDB/NULevelDB-Prefix.pch";
				INFOPLIST_FILE = "NULevelDBTests/NULevelDBTests-Info.plist";
				OTHER_LDFLAGS = (
					"-all_load",
					"-lstdc++",
				);
				PRODUCT_NAME = "$(TARGET_NAME)";
				WRAPPER_EXTENSION = octest;
			};
			name = Debug;
		};
		4E82775413EAF44500C64821 /* Release */ = {
			isa = XCBuildConfiguration;
			buildSettings = {
				FRAMEWORK_SEARCH_PATHS = (
					"$(SDKROOT)/Developer/Library/Frameworks",
					"$(DEVELOPER_LIBRARY_DIR)/Frameworks",
				);
				GCC_PRECOMPILE_PREFIX_HEADER = YES;
				GCC_PREFIX_HEADER = "NULevelDB/NULevelDB-Prefix.pch";
				INFOPLIST_FILE = "NULevelDBTests/NULevelDBTests-Info.plist";
				OTHER_LDFLAGS = (
					"-all_load",
					"-lstdc++",
				);
				PRODUCT_NAME = "$(TARGET_NAME)";
				WRAPPER_EXTENSION = octest;
			};
			name = Release;
		};
		4E82780A13EAF4A600C64821 /* Debug */ = {
			isa = XCBuildConfiguration;
			buildSettings = {
				DSTROOT = /tmp/leveldb.dst;
				GCC_ENABLE_OBJC_EXCEPTIONS = NO;
				GCC_FAST_OBJC_DISPATCH = NO;
				GCC_WARN_ABOUT_MISSING_PROTOTYPES = NO;
				GCC_WARN_ALLOW_INCOMPLETE_PROTOCOL = NO;
				OTHER_CFLAGS = (
					"-DOS_MACOSX",
					"-DLEVELDB_PLATFORM_POSIX",
				);
				OTHER_LDFLAGS = "";
				PRODUCT_NAME = "$(TARGET_NAME)";
				SKIP_INSTALL = YES;
				USER_HEADER_SEARCH_PATHS = "$(PROJECT_DIR)/leveldb/include/ $(PROJECT_DIR)/leveldb/";
			};
			name = Debug;
		};
		4E82780B13EAF4A600C64821 /* Release */ = {
			isa = XCBuildConfiguration;
			buildSettings = {
				DSTROOT = /tmp/leveldb.dst;
				GCC_ENABLE_OBJC_EXCEPTIONS = NO;
				GCC_FAST_OBJC_DISPATCH = NO;
				GCC_WARN_ABOUT_MISSING_PROTOTYPES = NO;
				GCC_WARN_ALLOW_INCOMPLETE_PROTOCOL = NO;
				OTHER_CFLAGS = (
					"-DOS_MACOSX",
					"-DLEVELDB_PLATFORM_POSIX",
				);
				OTHER_LDFLAGS = "";
				PRODUCT_NAME = "$(TARGET_NAME)";
				SKIP_INSTALL = YES;
				USER_HEADER_SEARCH_PATHS = "$(PROJECT_DIR)/leveldb/include/ $(PROJECT_DIR)/leveldb/";
			};
			name = Release;
		};
/* End XCBuildConfiguration section */

/* Begin XCConfigurationList section */
		2EE60085160AE7CC00CD86D6 /* Build configuration list for PBXNativeTarget "libNULevelDB" */ = {
			isa = XCConfigurationList;
			buildConfigurations = (
				2EE60086160AE7CC00CD86D6 /* Debug */,
				2EE60087160AE7CC00CD86D6 /* Release */,
			);
			defaultConfigurationIsVisible = 0;
		};
		4E82771C13EAF44500C64821 /* Build configuration list for PBXProject "NULevelDB" */ = {
			isa = XCConfigurationList;
			buildConfigurations = (
				4E82774D13EAF44500C64821 /* Debug */,
				4E82774E13EAF44500C64821 /* Release */,
			);
			defaultConfigurationIsVisible = 0;
			defaultConfigurationName = Release;
		};
		4E82774F13EAF44500C64821 /* Build configuration list for PBXNativeTarget "NULevelDB" */ = {
			isa = XCConfigurationList;
			buildConfigurations = (
				4E82775013EAF44500C64821 /* Debug */,
				4E82775113EAF44500C64821 /* Release */,
			);
			defaultConfigurationIsVisible = 0;
			defaultConfigurationName = Release;
		};
		4E82775213EAF44500C64821 /* Build configuration list for PBXNativeTarget "NULevelDBTests" */ = {
			isa = XCConfigurationList;
			buildConfigurations = (
				4E82775313EAF44500C64821 /* Debug */,
				4E82775413EAF44500C64821 /* Release */,
			);
			defaultConfigurationIsVisible = 0;
			defaultConfigurationName = Release;
		};
		4E82780913EAF4A600C64821 /* Build configuration list for PBXNativeTarget "leveldb" */ = {
			isa = XCConfigurationList;
			buildConfigurations = (
				4E82780A13EAF4A600C64821 /* Debug */,
				4E82780B13EAF4A600C64821 /* Release */,
			);
			defaultConfigurationIsVisible = 0;
			defaultConfigurationName = Release;
		};
/* End XCConfigurationList section */
	};
	rootObject = 4E82771913EAF44500C64821 /* Project object */;
}
